// !$*UTF8*$!
{
	archiveVersion = 1;
	classes = {
	};
	objectVersion = 56;
	objects = {

/* Begin PBXBuildFile section */
		94431CEF2B67EBCB00D67B5E /* Profile.swift in Sources */ = {isa = PBXBuildFile; fileRef = 94431CEE2B67EBCB00D67B5E /* Profile.swift */; };
		94431CF32B67ECAC00D67B5E /* ProfileHost.swift in Sources */ = {isa = PBXBuildFile; fileRef = 94431CF22B67ECAC00D67B5E /* ProfileHost.swift */; };
		94431CF52B67EF2800D67B5E /* ProfileSummary.swift in Sources */ = {isa = PBXBuildFile; fileRef = 94431CF42B67EF2800D67B5E /* ProfileSummary.swift */; };
		94431CF72B684FD200D67B5E /* HikeBadge.swift in Sources */ = {isa = PBXBuildFile; fileRef = 94431CF62B684FD200D67B5E /* HikeBadge.swift */; };
		94431CF92B69078C00D67B5E /* ProfileEditor.swift in Sources */ = {isa = PBXBuildFile; fileRef = 94431CF82B69078C00D67B5E /* ProfileEditor.swift */; };
		94431CFC2B691D4E00D67B5E /* PageViewController.swift in Sources */ = {isa = PBXBuildFile; fileRef = 94431CFB2B691D4E00D67B5E /* PageViewController.swift */; };
		94431CFE2B691FD500D67B5E /* FeatureCard.swift in Sources */ = {isa = PBXBuildFile; fileRef = 94431CFD2B691FD500D67B5E /* FeatureCard.swift */; };
		94431D002B6921FB00D67B5E /* PageView.swift in Sources */ = {isa = PBXBuildFile; fileRef = 94431CFF2B6921FB00D67B5E /* PageView.swift */; };
		94431D022B69702D00D67B5E /* PageControl.swift in Sources */ = {isa = PBXBuildFile; fileRef = 94431D012B69702D00D67B5E /* PageControl.swift */; };
		947664D32B6BB70F00C47522 /* NotificationView.swift in Sources */ = {isa = PBXBuildFile; fileRef = 947664D22B6BB70F00C47522 /* NotificationView.swift */; };
		947664D52B6BB72700C47522 /* NotificationController.swift in Sources */ = {isa = PBXBuildFile; fileRef = 947664D42B6BB72700C47522 /* NotificationController.swift */; };
		949D88012B63E5B100006867 /* HexagonParameters.swift in Sources */ = {isa = PBXBuildFile; fileRef = 949D88002B63E5B100006867 /* HexagonParameters.swift */; };
		949D88072B63E82200006867 /* BadgeBackground.swift in Sources */ = {isa = PBXBuildFile; fileRef = 949D88062B63E82200006867 /* BadgeBackground.swift */; };
		949D880D2B63F21100006867 /* BadgeSymbol.swift in Sources */ = {isa = PBXBuildFile; fileRef = 949D880C2B63F21100006867 /* BadgeSymbol.swift */; };
		949D880F2B63F2D500006867 /* RotatedBadgeSymbol.swift in Sources */ = {isa = PBXBuildFile; fileRef = 949D880E2B63F2D500006867 /* RotatedBadgeSymbol.swift */; };
		949D88112B63F52800006867 /* Badge.swift in Sources */ = {isa = PBXBuildFile; fileRef = 949D88102B63F52800006867 /* Badge.swift */; };
		949D88142B63FBA600006867 /* landmarkData.json in Resources */ = {isa = PBXBuildFile; fileRef = 949D88132B63FBA600006867 /* landmarkData.json */; };
		949D88162B63FC4F00006867 /* hikeData.json in Resources */ = {isa = PBXBuildFile; fileRef = 949D88152B63FC4F00006867 /* hikeData.json */; };
		949D881A2B63FCC900006867 /* Hike.swift in Sources */ = {isa = PBXBuildFile; fileRef = 949D88192B63FCC900006867 /* Hike.swift */; };
		949D88202B64017B00006867 /* GraphCapsule.swift in Sources */ = {isa = PBXBuildFile; fileRef = 949D881C2B64017B00006867 /* GraphCapsule.swift */; };
		949D88212B64017B00006867 /* HikeGraph.swift in Sources */ = {isa = PBXBuildFile; fileRef = 949D881D2B64017B00006867 /* HikeGraph.swift */; };
		949D88222B64017B00006867 /* HikeDetail.swift in Sources */ = {isa = PBXBuildFile; fileRef = 949D881E2B64017B00006867 /* HikeDetail.swift */; };
		949D88232B64017B00006867 /* HikeView.swift in Sources */ = {isa = PBXBuildFile; fileRef = 949D881F2B64017B00006867 /* HikeView.swift */; };
		949D88262B67DB3400006867 /* CategoryHome.swift in Sources */ = {isa = PBXBuildFile; fileRef = 949D88252B67DB3400006867 /* CategoryHome.swift */; };
		949D88282B67E01600006867 /* CategoryRow.swift in Sources */ = {isa = PBXBuildFile; fileRef = 949D88272B67E01600006867 /* CategoryRow.swift */; };
		949D882A2B67E17400006867 /* CategoryItem.swift in Sources */ = {isa = PBXBuildFile; fileRef = 949D88292B67E17400006867 /* CategoryItem.swift */; };
		94AAB8772B612BA3008BB3B3 /* LandmarksApp.swift in Sources */ = {isa = PBXBuildFile; fileRef = 94AAB8762B612BA3008BB3B3 /* LandmarksApp.swift */; };
		94AAB8792B612BA3008BB3B3 /* ContentView.swift in Sources */ = {isa = PBXBuildFile; fileRef = 94AAB8782B612BA3008BB3B3 /* ContentView.swift */; };
		94AAB87B2B612BA3008BB3B3 /* Assets.xcassets in Resources */ = {isa = PBXBuildFile; fileRef = 94AAB87A2B612BA3008BB3B3 /* Assets.xcassets */; };
		94AAB87E2B612BA3008BB3B3 /* Preview Assets.xcassets in Resources */ = {isa = PBXBuildFile; fileRef = 94AAB87D2B612BA3008BB3B3 /* Preview Assets.xcassets */; };
		94AAB8882B612BA4008BB3B3 /* landmarksTests.swift in Sources */ = {isa = PBXBuildFile; fileRef = 94AAB8872B612BA4008BB3B3 /* landmarksTests.swift */; };
		94AAB8922B612BA4008BB3B3 /* landmarksUITests.swift in Sources */ = {isa = PBXBuildFile; fileRef = 94AAB8912B612BA4008BB3B3 /* landmarksUITests.swift */; };
		94AAB8942B612BA4008BB3B3 /* landmarksUITestsLaunchTests.swift in Sources */ = {isa = PBXBuildFile; fileRef = 94AAB8932B612BA4008BB3B3 /* landmarksUITestsLaunchTests.swift */; };
		94AAB8A12B61559B008BB3B3 /* CircleImage.swift in Sources */ = {isa = PBXBuildFile; fileRef = 94AAB8A02B61559B008BB3B3 /* CircleImage.swift */; };
		94AAB8A32B6157DA008BB3B3 /* MapView.swift in Sources */ = {isa = PBXBuildFile; fileRef = 94AAB8A22B6157DA008BB3B3 /* MapView.swift */; };
		94AAB8A52B6166EF008BB3B3 /* Landmark.swift in Sources */ = {isa = PBXBuildFile; fileRef = 94AAB8A42B6166EF008BB3B3 /* Landmark.swift */; };
		94AAB8A72B616875008BB3B3 /* ModelData.swift in Sources */ = {isa = PBXBuildFile; fileRef = 94AAB8A62B616875008BB3B3 /* ModelData.swift */; };
		94AAB8AE2B616B36008BB3B3 /* LandmarkRow.swift in Sources */ = {isa = PBXBuildFile; fileRef = 94AAB8AD2B616B36008BB3B3 /* LandmarkRow.swift */; };
		94AAB8B22B616DEF008BB3B3 /* LandmarkList.swift in Sources */ = {isa = PBXBuildFile; fileRef = 94AAB8B12B616DEF008BB3B3 /* LandmarkList.swift */; };
		94AAB8B62B616F34008BB3B3 /* LandmarkDetail.swift in Sources */ = {isa = PBXBuildFile; fileRef = 94AAB8B52B616F34008BB3B3 /* LandmarkDetail.swift */; };
		94AAB8B82B62A8E0008BB3B3 /* FavoriteButton.swift in Sources */ = {isa = PBXBuildFile; fileRef = 94AAB8B72B62A8E0008BB3B3 /* FavoriteButton.swift */; };
		94BC516F2B6A8ECC0079097F /* ContentView.swift in Sources */ = {isa = PBXBuildFile; fileRef = 94BC516E2B6A8ECC0079097F /* ContentView.swift */; };
		94BC51712B6A8ECD0079097F /* Assets.xcassets in Resources */ = {isa = PBXBuildFile; fileRef = 94BC51702B6A8ECD0079097F /* Assets.xcassets */; };
		94BC51742B6A8ECD0079097F /* Preview Assets.xcassets in Resources */ = {isa = PBXBuildFile; fileRef = 94BC51732B6A8ECD0079097F /* Preview Assets.xcassets */; };
		94BC517E2B6A8ECD0079097F /* WatchLandmarks_Watch_AppTests.swift in Sources */ = {isa = PBXBuildFile; fileRef = 94BC517D2B6A8ECD0079097F /* WatchLandmarks_Watch_AppTests.swift */; };
		94BC51882B6A8ECD0079097F /* WatchLandmarks_Watch_AppUITests.swift in Sources */ = {isa = PBXBuildFile; fileRef = 94BC51872B6A8ECD0079097F /* WatchLandmarks_Watch_AppUITests.swift */; };
		94BC518A2B6A8ECD0079097F /* WatchLandmarks_Watch_AppUITestsLaunchTests.swift in Sources */ = {isa = PBXBuildFile; fileRef = 94BC51892B6A8ECD0079097F /* WatchLandmarks_Watch_AppUITestsLaunchTests.swift */; };
		94BC51942B6A900F0079097F /* Assets.xcassets in Resources */ = {isa = PBXBuildFile; fileRef = 94AAB87A2B612BA3008BB3B3 /* Assets.xcassets */; };
		94BC51952B6A900F0079097F /* MapView.swift in Sources */ = {isa = PBXBuildFile; fileRef = 94AAB8A22B6157DA008BB3B3 /* MapView.swift */; };
		94BC51962B6A900F0079097F /* LandmarkList.swift in Sources */ = {isa = PBXBuildFile; fileRef = 94AAB8B12B616DEF008BB3B3 /* LandmarkList.swift */; };
		94BC51972B6A900F0079097F /* LandmarkRow.swift in Sources */ = {isa = PBXBuildFile; fileRef = 94AAB8AD2B616B36008BB3B3 /* LandmarkRow.swift */; };
		94BC51982B6A900F0079097F /* Landmark.swift in Sources */ = {isa = PBXBuildFile; fileRef = 94AAB8A42B6166EF008BB3B3 /* Landmark.swift */; };
		94BC51992B6A900F0079097F /* ModelData.swift in Sources */ = {isa = PBXBuildFile; fileRef = 94AAB8A62B616875008BB3B3 /* ModelData.swift */; };
		94BC519A2B6A900F0079097F /* Profile.swift in Sources */ = {isa = PBXBuildFile; fileRef = 94431CEE2B67EBCB00D67B5E /* Profile.swift */; };
		94BC519B2B6A900F0079097F /* landmarkData.json in Resources */ = {isa = PBXBuildFile; fileRef = 949D88132B63FBA600006867 /* landmarkData.json */; };
		94BC519C2B6A900F0079097F /* Hike.swift in Sources */ = {isa = PBXBuildFile; fileRef = 949D88192B63FCC900006867 /* Hike.swift */; };
		94BC519D2B6A900F0079097F /* hikeData.json in Resources */ = {isa = PBXBuildFile; fileRef = 949D88152B63FC4F00006867 /* hikeData.json */; };
		94BC519E2B6A900F0079097F /* CircleImage.swift in Sources */ = {isa = PBXBuildFile; fileRef = 94AAB8A02B61559B008BB3B3 /* CircleImage.swift */; };
		94BC519F2B6A900F0079097F /* LandmarksApp.swift in Sources */ = {isa = PBXBuildFile; fileRef = 94AAB8762B612BA3008BB3B3 /* LandmarksApp.swift */; };
		94BC51A12B6A90DF0079097F /* LandmarkDetail.swift in Sources */ = {isa = PBXBuildFile; fileRef = 94BC51A02B6A90DF0079097F /* LandmarkDetail.swift */; };
		94E4CB792B6BE13A00C931A2 /* ContentView.swift in Sources */ = {isa = PBXBuildFile; fileRef = 94E4CB782B6BE13A00C931A2 /* ContentView.swift */; };
		94E4CB7B2B6BE13B00C931A2 /* Assets.xcassets in Resources */ = {isa = PBXBuildFile; fileRef = 94E4CB7A2B6BE13B00C931A2 /* Assets.xcassets */; };
		94E4CB7E2B6BE13B00C931A2 /* Preview Assets.xcassets in Resources */ = {isa = PBXBuildFile; fileRef = 94E4CB7D2B6BE13B00C931A2 /* Preview Assets.xcassets */; };
		94E4CB892B6BE13B00C931A2 /* MacLandmarksTests.swift in Sources */ = {isa = PBXBuildFile; fileRef = 94E4CB882B6BE13B00C931A2 /* MacLandmarksTests.swift */; };
		94E4CB932B6BE13B00C931A2 /* MacLandmarksUITests.swift in Sources */ = {isa = PBXBuildFile; fileRef = 94E4CB922B6BE13B00C931A2 /* MacLandmarksUITests.swift */; };
		94E4CB952B6BE13B00C931A2 /* MacLandmarksUITestsLaunchTests.swift in Sources */ = {isa = PBXBuildFile; fileRef = 94E4CB942B6BE13B00C931A2 /* MacLandmarksUITestsLaunchTests.swift */; };
		94E4CB9F2B6D33B500C931A2 /* Assets.xcassets in Resources */ = {isa = PBXBuildFile; fileRef = 94AAB87A2B612BA3008BB3B3 /* Assets.xcassets */; };
		94E4CBA02B6D33B500C931A2 /* Hike.swift in Sources */ = {isa = PBXBuildFile; fileRef = 949D88192B63FCC900006867 /* Hike.swift */; };
		94E4CBA12B6D33B500C931A2 /* LandmarkRow.swift in Sources */ = {isa = PBXBuildFile; fileRef = 94AAB8AD2B616B36008BB3B3 /* LandmarkRow.swift */; };
		94E4CBA22B6D33B500C931A2 /* Landmark.swift in Sources */ = {isa = PBXBuildFile; fileRef = 94AAB8A42B6166EF008BB3B3 /* Landmark.swift */; };
		94E4CBA32B6D33B500C931A2 /* ModelData.swift in Sources */ = {isa = PBXBuildFile; fileRef = 94AAB8A62B616875008BB3B3 /* ModelData.swift */; };
		94E4CBA42B6D33B500C931A2 /* Profile.swift in Sources */ = {isa = PBXBuildFile; fileRef = 94431CEE2B67EBCB00D67B5E /* Profile.swift */; };
		94E4CBA52B6D33B500C931A2 /* LandmarkList.swift in Sources */ = {isa = PBXBuildFile; fileRef = 94AAB8B12B616DEF008BB3B3 /* LandmarkList.swift */; };
		94E4CBA62B6D33B500C931A2 /* CircleImage.swift in Sources */ = {isa = PBXBuildFile; fileRef = 94AAB8A02B61559B008BB3B3 /* CircleImage.swift */; };
		94E4CBA72B6D33B500C931A2 /* FavoriteButton.swift in Sources */ = {isa = PBXBuildFile; fileRef = 94AAB8B72B62A8E0008BB3B3 /* FavoriteButton.swift */; };
		94E4CBA82B6D33B500C931A2 /* MapView.swift in Sources */ = {isa = PBXBuildFile; fileRef = 94AAB8A22B6157DA008BB3B3 /* MapView.swift */; };
		94E4CBA92B6D33B500C931A2 /* landmarkData.json in Resources */ = {isa = PBXBuildFile; fileRef = 949D88132B63FBA600006867 /* landmarkData.json */; };
		94E4CBAA2B6D33B500C931A2 /* hikeData.json in Resources */ = {isa = PBXBuildFile; fileRef = 949D88152B63FC4F00006867 /* hikeData.json */; };
		94E4CBAB2B6D33B500C931A2 /* LandmarksApp.swift in Sources */ = {isa = PBXBuildFile; fileRef = 94AAB8762B612BA3008BB3B3 /* LandmarksApp.swift */; };
/* End PBXBuildFile section */

/* Begin PBXContainerItemProxy section */
		94AAB8842B612BA4008BB3B3 /* PBXContainerItemProxy */ = {
			isa = PBXContainerItemProxy;
			containerPortal = 94AAB86B2B612BA3008BB3B3 /* Project object */;
			proxyType = 1;
			remoteGlobalIDString = 94AAB8722B612BA3008BB3B3;
			remoteInfo = landmarks;
		};
		94AAB88E2B612BA4008BB3B3 /* PBXContainerItemProxy */ = {
			isa = PBXContainerItemProxy;
			containerPortal = 94AAB86B2B612BA3008BB3B3 /* Project object */;
			proxyType = 1;
			remoteGlobalIDString = 94AAB8722B612BA3008BB3B3;
			remoteInfo = landmarks;
		};
		94BC517A2B6A8ECD0079097F /* PBXContainerItemProxy */ = {
			isa = PBXContainerItemProxy;
			containerPortal = 94AAB86B2B612BA3008BB3B3 /* Project object */;
			proxyType = 1;
			remoteGlobalIDString = 94BC51692B6A8ECC0079097F;
			remoteInfo = "WatchLandmarks Watch App";
		};
		94BC51842B6A8ECD0079097F /* PBXContainerItemProxy */ = {
			isa = PBXContainerItemProxy;
			containerPortal = 94AAB86B2B612BA3008BB3B3 /* Project object */;
			proxyType = 1;
			remoteGlobalIDString = 94BC51692B6A8ECC0079097F;
			remoteInfo = "WatchLandmarks Watch App";
		};
		94E4CB852B6BE13B00C931A2 /* PBXContainerItemProxy */ = {
			isa = PBXContainerItemProxy;
			containerPortal = 94AAB86B2B612BA3008BB3B3 /* Project object */;
			proxyType = 1;
			remoteGlobalIDString = 94E4CB732B6BE13A00C931A2;
			remoteInfo = MacLandmarks;
		};
		94E4CB8F2B6BE13B00C931A2 /* PBXContainerItemProxy */ = {
			isa = PBXContainerItemProxy;
			containerPortal = 94AAB86B2B612BA3008BB3B3 /* Project object */;
			proxyType = 1;
			remoteGlobalIDString = 94E4CB732B6BE13A00C931A2;
			remoteInfo = MacLandmarks;
		};
/* End PBXContainerItemProxy section */

/* Begin PBXFileReference section */
		94431CEE2B67EBCB00D67B5E /* Profile.swift */ = {isa = PBXFileReference; lastKnownFileType = sourcecode.swift; path = Profile.swift; sourceTree = "<group>"; };
		94431CF22B67ECAC00D67B5E /* ProfileHost.swift */ = {isa = PBXFileReference; lastKnownFileType = sourcecode.swift; path = ProfileHost.swift; sourceTree = "<group>"; };
		94431CF42B67EF2800D67B5E /* ProfileSummary.swift */ = {isa = PBXFileReference; lastKnownFileType = sourcecode.swift; path = ProfileSummary.swift; sourceTree = "<group>"; };
		94431CF62B684FD200D67B5E /* HikeBadge.swift */ = {isa = PBXFileReference; lastKnownFileType = sourcecode.swift; path = HikeBadge.swift; sourceTree = "<group>"; };
		94431CF82B69078C00D67B5E /* ProfileEditor.swift */ = {isa = PBXFileReference; lastKnownFileType = sourcecode.swift; path = ProfileEditor.swift; sourceTree = "<group>"; };
		94431CFB2B691D4E00D67B5E /* PageViewController.swift */ = {isa = PBXFileReference; lastKnownFileType = sourcecode.swift; path = PageViewController.swift; sourceTree = "<group>"; };
		94431CFD2B691FD500D67B5E /* FeatureCard.swift */ = {isa = PBXFileReference; lastKnownFileType = sourcecode.swift; path = FeatureCard.swift; sourceTree = "<group>"; };
		94431CFF2B6921FB00D67B5E /* PageView.swift */ = {isa = PBXFileReference; lastKnownFileType = sourcecode.swift; path = PageView.swift; sourceTree = "<group>"; };
		94431D012B69702D00D67B5E /* PageControl.swift */ = {isa = PBXFileReference; lastKnownFileType = sourcecode.swift; path = PageControl.swift; sourceTree = "<group>"; };
		947664D22B6BB70F00C47522 /* NotificationView.swift */ = {isa = PBXFileReference; lastKnownFileType = sourcecode.swift; path = NotificationView.swift; sourceTree = "<group>"; };
		947664D42B6BB72700C47522 /* NotificationController.swift */ = {isa = PBXFileReference; lastKnownFileType = sourcecode.swift; path = NotificationController.swift; sourceTree = "<group>"; };
		947664D82B6BBF8300C47522 /* PushNotificationPayload.apns */ = {isa = PBXFileReference; lastKnownFileType = text; path = PushNotificationPayload.apns; sourceTree = SOURCE_ROOT; };
		949D88002B63E5B100006867 /* HexagonParameters.swift */ = {isa = PBXFileReference; lastKnownFileType = sourcecode.swift; path = HexagonParameters.swift; sourceTree = "<group>"; };
		949D88062B63E82200006867 /* BadgeBackground.swift */ = {isa = PBXFileReference; lastKnownFileType = sourcecode.swift; path = BadgeBackground.swift; sourceTree = "<group>"; };
		949D880C2B63F21100006867 /* BadgeSymbol.swift */ = {isa = PBXFileReference; lastKnownFileType = sourcecode.swift; path = BadgeSymbol.swift; sourceTree = "<group>"; };
		949D880E2B63F2D500006867 /* RotatedBadgeSymbol.swift */ = {isa = PBXFileReference; lastKnownFileType = sourcecode.swift; path = RotatedBadgeSymbol.swift; sourceTree = "<group>"; };
		949D88102B63F52800006867 /* Badge.swift */ = {isa = PBXFileReference; lastKnownFileType = sourcecode.swift; path = Badge.swift; sourceTree = "<group>"; };
		949D88132B63FBA600006867 /* landmarkData.json */ = {isa = PBXFileReference; fileEncoding = 4; lastKnownFileType = text.json; path = landmarkData.json; sourceTree = "<group>"; };
		949D88152B63FC4F00006867 /* hikeData.json */ = {isa = PBXFileReference; fileEncoding = 4; lastKnownFileType = text.json; path = hikeData.json; sourceTree = "<group>"; };
		949D88192B63FCC900006867 /* Hike.swift */ = {isa = PBXFileReference; lastKnownFileType = sourcecode.swift; path = Hike.swift; sourceTree = "<group>"; };
		949D881C2B64017B00006867 /* GraphCapsule.swift */ = {isa = PBXFileReference; fileEncoding = 4; lastKnownFileType = sourcecode.swift; path = GraphCapsule.swift; sourceTree = "<group>"; };
		949D881D2B64017B00006867 /* HikeGraph.swift */ = {isa = PBXFileReference; fileEncoding = 4; lastKnownFileType = sourcecode.swift; path = HikeGraph.swift; sourceTree = "<group>"; };
		949D881E2B64017B00006867 /* HikeDetail.swift */ = {isa = PBXFileReference; fileEncoding = 4; lastKnownFileType = sourcecode.swift; path = HikeDetail.swift; sourceTree = "<group>"; };
		949D881F2B64017B00006867 /* HikeView.swift */ = {isa = PBXFileReference; fileEncoding = 4; lastKnownFileType = sourcecode.swift; path = HikeView.swift; sourceTree = "<group>"; };
		949D88252B67DB3400006867 /* CategoryHome.swift */ = {isa = PBXFileReference; lastKnownFileType = sourcecode.swift; path = CategoryHome.swift; sourceTree = "<group>"; };
		949D88272B67E01600006867 /* CategoryRow.swift */ = {isa = PBXFileReference; lastKnownFileType = sourcecode.swift; path = CategoryRow.swift; sourceTree = "<group>"; };
		949D88292B67E17400006867 /* CategoryItem.swift */ = {isa = PBXFileReference; lastKnownFileType = sourcecode.swift; path = CategoryItem.swift; sourceTree = "<group>"; };
		94AAB8732B612BA3008BB3B3 /* landmarks.app */ = {isa = PBXFileReference; explicitFileType = wrapper.application; includeInIndex = 0; path = landmarks.app; sourceTree = BUILT_PRODUCTS_DIR; };
		94AAB8762B612BA3008BB3B3 /* LandmarksApp.swift */ = {isa = PBXFileReference; lastKnownFileType = sourcecode.swift; path = LandmarksApp.swift; sourceTree = "<group>"; };
		94AAB8782B612BA3008BB3B3 /* ContentView.swift */ = {isa = PBXFileReference; lastKnownFileType = sourcecode.swift; path = ContentView.swift; sourceTree = "<group>"; };
		94AAB87A2B612BA3008BB3B3 /* Assets.xcassets */ = {isa = PBXFileReference; lastKnownFileType = folder.assetcatalog; path = Assets.xcassets; sourceTree = "<group>"; };
		94AAB87D2B612BA3008BB3B3 /* Preview Assets.xcassets */ = {isa = PBXFileReference; lastKnownFileType = folder.assetcatalog; path = "Preview Assets.xcassets"; sourceTree = "<group>"; };
		94AAB8832B612BA4008BB3B3 /* landmarksTests.xctest */ = {isa = PBXFileReference; explicitFileType = wrapper.cfbundle; includeInIndex = 0; path = landmarksTests.xctest; sourceTree = BUILT_PRODUCTS_DIR; };
		94AAB8872B612BA4008BB3B3 /* landmarksTests.swift */ = {isa = PBXFileReference; lastKnownFileType = sourcecode.swift; path = landmarksTests.swift; sourceTree = "<group>"; };
		94AAB88D2B612BA4008BB3B3 /* landmarksUITests.xctest */ = {isa = PBXFileReference; explicitFileType = wrapper.cfbundle; includeInIndex = 0; path = landmarksUITests.xctest; sourceTree = BUILT_PRODUCTS_DIR; };
		94AAB8912B612BA4008BB3B3 /* landmarksUITests.swift */ = {isa = PBXFileReference; lastKnownFileType = sourcecode.swift; path = landmarksUITests.swift; sourceTree = "<group>"; };
		94AAB8932B612BA4008BB3B3 /* landmarksUITestsLaunchTests.swift */ = {isa = PBXFileReference; lastKnownFileType = sourcecode.swift; path = landmarksUITestsLaunchTests.swift; sourceTree = "<group>"; };
		94AAB8A02B61559B008BB3B3 /* CircleImage.swift */ = {isa = PBXFileReference; lastKnownFileType = sourcecode.swift; path = CircleImage.swift; sourceTree = "<group>"; };
		94AAB8A22B6157DA008BB3B3 /* MapView.swift */ = {isa = PBXFileReference; lastKnownFileType = sourcecode.swift; path = MapView.swift; sourceTree = "<group>"; };
		94AAB8A42B6166EF008BB3B3 /* Landmark.swift */ = {isa = PBXFileReference; lastKnownFileType = sourcecode.swift; path = Landmark.swift; sourceTree = "<group>"; };
		94AAB8A62B616875008BB3B3 /* ModelData.swift */ = {isa = PBXFileReference; lastKnownFileType = sourcecode.swift; path = ModelData.swift; sourceTree = "<group>"; };
		94AAB8AD2B616B36008BB3B3 /* LandmarkRow.swift */ = {isa = PBXFileReference; lastKnownFileType = sourcecode.swift; path = LandmarkRow.swift; sourceTree = "<group>"; };
		94AAB8B12B616DEF008BB3B3 /* LandmarkList.swift */ = {isa = PBXFileReference; lastKnownFileType = sourcecode.swift; path = LandmarkList.swift; sourceTree = "<group>"; };
		94AAB8B52B616F34008BB3B3 /* LandmarkDetail.swift */ = {isa = PBXFileReference; lastKnownFileType = sourcecode.swift; path = LandmarkDetail.swift; sourceTree = "<group>"; };
		94AAB8B72B62A8E0008BB3B3 /* FavoriteButton.swift */ = {isa = PBXFileReference; lastKnownFileType = sourcecode.swift; path = FavoriteButton.swift; sourceTree = "<group>"; };
		94BC516A2B6A8ECC0079097F /* WatchLandmarks Watch App.app */ = {isa = PBXFileReference; explicitFileType = wrapper.application; includeInIndex = 0; path = "WatchLandmarks Watch App.app"; sourceTree = BUILT_PRODUCTS_DIR; };
		94BC516E2B6A8ECC0079097F /* ContentView.swift */ = {isa = PBXFileReference; lastKnownFileType = sourcecode.swift; path = ContentView.swift; sourceTree = "<group>"; };
		94BC51702B6A8ECD0079097F /* Assets.xcassets */ = {isa = PBXFileReference; lastKnownFileType = folder.assetcatalog; path = Assets.xcassets; sourceTree = "<group>"; };
		94BC51732B6A8ECD0079097F /* Preview Assets.xcassets */ = {isa = PBXFileReference; lastKnownFileType = folder.assetcatalog; path = "Preview Assets.xcassets"; sourceTree = "<group>"; };
		94BC51792B6A8ECD0079097F /* WatchLandmarks Watch AppTests.xctest */ = {isa = PBXFileReference; explicitFileType = wrapper.cfbundle; includeInIndex = 0; path = "WatchLandmarks Watch AppTests.xctest"; sourceTree = BUILT_PRODUCTS_DIR; };
		94BC517D2B6A8ECD0079097F /* WatchLandmarks_Watch_AppTests.swift */ = {isa = PBXFileReference; lastKnownFileType = sourcecode.swift; path = WatchLandmarks_Watch_AppTests.swift; sourceTree = "<group>"; };
		94BC51832B6A8ECD0079097F /* WatchLandmarks Watch AppUITests.xctest */ = {isa = PBXFileReference; explicitFileType = wrapper.cfbundle; includeInIndex = 0; path = "WatchLandmarks Watch AppUITests.xctest"; sourceTree = BUILT_PRODUCTS_DIR; };
		94BC51872B6A8ECD0079097F /* WatchLandmarks_Watch_AppUITests.swift */ = {isa = PBXFileReference; lastKnownFileType = sourcecode.swift; path = WatchLandmarks_Watch_AppUITests.swift; sourceTree = "<group>"; };
		94BC51892B6A8ECD0079097F /* WatchLandmarks_Watch_AppUITestsLaunchTests.swift */ = {isa = PBXFileReference; lastKnownFileType = sourcecode.swift; path = WatchLandmarks_Watch_AppUITestsLaunchTests.swift; sourceTree = "<group>"; };
		94BC51A02B6A90DF0079097F /* LandmarkDetail.swift */ = {isa = PBXFileReference; lastKnownFileType = sourcecode.swift; path = LandmarkDetail.swift; sourceTree = "<group>"; };
		94E4CB742B6BE13A00C931A2 /* MacLandmarks.app */ = {isa = PBXFileReference; explicitFileType = wrapper.application; includeInIndex = 0; path = MacLandmarks.app; sourceTree = BUILT_PRODUCTS_DIR; };
		94E4CB782B6BE13A00C931A2 /* ContentView.swift */ = {isa = PBXFileReference; lastKnownFileType = sourcecode.swift; path = ContentView.swift; sourceTree = "<group>"; };
		94E4CB7A2B6BE13B00C931A2 /* Assets.xcassets */ = {isa = PBXFileReference; lastKnownFileType = folder.assetcatalog; path = Assets.xcassets; sourceTree = "<group>"; };
		94E4CB7D2B6BE13B00C931A2 /* Preview Assets.xcassets */ = {isa = PBXFileReference; lastKnownFileType = folder.assetcatalog; path = "Preview Assets.xcassets"; sourceTree = "<group>"; };
		94E4CB7F2B6BE13B00C931A2 /* MacLandmarks.entitlements */ = {isa = PBXFileReference; lastKnownFileType = text.plist.entitlements; path = MacLandmarks.entitlements; sourceTree = "<group>"; };
		94E4CB842B6BE13B00C931A2 /* MacLandmarksTests.xctest */ = {isa = PBXFileReference; explicitFileType = wrapper.cfbundle; includeInIndex = 0; path = MacLandmarksTests.xctest; sourceTree = BUILT_PRODUCTS_DIR; };
		94E4CB882B6BE13B00C931A2 /* MacLandmarksTests.swift */ = {isa = PBXFileReference; lastKnownFileType = sourcecode.swift; path = MacLandmarksTests.swift; sourceTree = "<group>"; };
		94E4CB8E2B6BE13B00C931A2 /* MacLandmarksUITests.xctest */ = {isa = PBXFileReference; explicitFileType = wrapper.cfbundle; includeInIndex = 0; path = MacLandmarksUITests.xctest; sourceTree = BUILT_PRODUCTS_DIR; };
		94E4CB922B6BE13B00C931A2 /* MacLandmarksUITests.swift */ = {isa = PBXFileReference; lastKnownFileType = sourcecode.swift; path = MacLandmarksUITests.swift; sourceTree = "<group>"; };
		94E4CB942B6BE13B00C931A2 /* MacLandmarksUITestsLaunchTests.swift */ = {isa = PBXFileReference; lastKnownFileType = sourcecode.swift; path = MacLandmarksUITestsLaunchTests.swift; sourceTree = "<group>"; };
/* End PBXFileReference section */

/* Begin PBXFrameworksBuildPhase section */
		94AAB8702B612BA3008BB3B3 /* Frameworks */ = {
			isa = PBXFrameworksBuildPhase;
			buildActionMask = 2147483647;
			files = (
			);
			runOnlyForDeploymentPostprocessing = 0;
		};
		94AAB8802B612BA4008BB3B3 /* Frameworks */ = {
			isa = PBXFrameworksBuildPhase;
			buildActionMask = 2147483647;
			files = (
			);
			runOnlyForDeploymentPostprocessing = 0;
		};
		94AAB88A2B612BA4008BB3B3 /* Frameworks */ = {
			isa = PBXFrameworksBuildPhase;
			buildActionMask = 2147483647;
			files = (
			);
			runOnlyForDeploymentPostprocessing = 0;
		};
		94BC51672B6A8ECC0079097F /* Frameworks */ = {
			isa = PBXFrameworksBuildPhase;
			buildActionMask = 2147483647;
			files = (
			);
			runOnlyForDeploymentPostprocessing = 0;
		};
		94BC51762B6A8ECD0079097F /* Frameworks */ = {
			isa = PBXFrameworksBuildPhase;
			buildActionMask = 2147483647;
			files = (
			);
			runOnlyForDeploymentPostprocessing = 0;
		};
		94BC51802B6A8ECD0079097F /* Frameworks */ = {
			isa = PBXFrameworksBuildPhase;
			buildActionMask = 2147483647;
			files = (
			);
			runOnlyForDeploymentPostprocessing = 0;
		};
		94E4CB712B6BE13A00C931A2 /* Frameworks */ = {
			isa = PBXFrameworksBuildPhase;
			buildActionMask = 2147483647;
			files = (
			);
			runOnlyForDeploymentPostprocessing = 0;
		};
		94E4CB812B6BE13B00C931A2 /* Frameworks */ = {
			isa = PBXFrameworksBuildPhase;
			buildActionMask = 2147483647;
			files = (
			);
			runOnlyForDeploymentPostprocessing = 0;
		};
		94E4CB8B2B6BE13B00C931A2 /* Frameworks */ = {
			isa = PBXFrameworksBuildPhase;
			buildActionMask = 2147483647;
			files = (
			);
			runOnlyForDeploymentPostprocessing = 0;
		};
/* End PBXFrameworksBuildPhase section */

/* Begin PBXGroup section */
		94431CF12B67EC9A00D67B5E /* Profile */ = {
			isa = PBXGroup;
			children = (
				94431CF22B67ECAC00D67B5E /* ProfileHost.swift */,
				94431CF42B67EF2800D67B5E /* ProfileSummary.swift */,
				94431CF82B69078C00D67B5E /* ProfileEditor.swift */,
			);
			path = Profile;
			sourceTree = "<group>";
		};
		94431CFA2B691D2E00D67B5E /* PageView */ = {
			isa = PBXGroup;
			children = (
				94431CFF2B6921FB00D67B5E /* PageView.swift */,
				94431D012B69702D00D67B5E /* PageControl.swift */,
				94431CFB2B691D4E00D67B5E /* PageViewController.swift */,
			);
			path = PageView;
			sourceTree = "<group>";
		};
		949D88122B63F6FE00006867 /* Badge */ = {
			isa = PBXGroup;
			children = (
				949D88102B63F52800006867 /* Badge.swift */,
				949D880C2B63F21100006867 /* BadgeSymbol.swift */,
				949D88062B63E82200006867 /* BadgeBackground.swift */,
				949D880E2B63F2D500006867 /* RotatedBadgeSymbol.swift */,
				949D88002B63E5B100006867 /* HexagonParameters.swift */,
			);
			path = Badge;
			sourceTree = "<group>";
		};
		949D881B2B64017B00006867 /* Hikes */ = {
			isa = PBXGroup;
			children = (
				949D881C2B64017B00006867 /* GraphCapsule.swift */,
				949D881D2B64017B00006867 /* HikeGraph.swift */,
				949D881E2B64017B00006867 /* HikeDetail.swift */,
				949D881F2B64017B00006867 /* HikeView.swift */,
				94431CF62B684FD200D67B5E /* HikeBadge.swift */,
			);
			path = Hikes;
			sourceTree = "<group>";
		};
		949D88242B67DB1D00006867 /* Categories */ = {
			isa = PBXGroup;
			children = (
				949D88252B67DB3400006867 /* CategoryHome.swift */,
				949D88272B67E01600006867 /* CategoryRow.swift */,
				949D88292B67E17400006867 /* CategoryItem.swift */,
			);
			path = Categories;
			sourceTree = "<group>";
		};
		94AAB86A2B612BA3008BB3B3 = {
			isa = PBXGroup;
			children = (
				94AAB8752B612BA3008BB3B3 /* landmarks */,
				94AAB8862B612BA4008BB3B3 /* landmarksTests */,
				94AAB8902B612BA4008BB3B3 /* landmarksUITests */,
				94BC516B2B6A8ECC0079097F /* WatchLandmarks Watch App */,
				94BC517C2B6A8ECD0079097F /* WatchLandmarks Watch AppTests */,
				94BC51862B6A8ECD0079097F /* WatchLandmarks Watch AppUITests */,
				94E4CB752B6BE13A00C931A2 /* MacLandmarks */,
				94E4CB872B6BE13B00C931A2 /* MacLandmarksTests */,
				94E4CB912B6BE13B00C931A2 /* MacLandmarksUITests */,
				94AAB8742B612BA3008BB3B3 /* Products */,
			);
			sourceTree = "<group>";
		};
		94AAB8742B612BA3008BB3B3 /* Products */ = {
			isa = PBXGroup;
			children = (
				94AAB8732B612BA3008BB3B3 /* landmarks.app */,
				94AAB8832B612BA4008BB3B3 /* landmarksTests.xctest */,
				94AAB88D2B612BA4008BB3B3 /* landmarksUITests.xctest */,
				94BC516A2B6A8ECC0079097F /* WatchLandmarks Watch App.app */,
				94BC51792B6A8ECD0079097F /* WatchLandmarks Watch AppTests.xctest */,
				94BC51832B6A8ECD0079097F /* WatchLandmarks Watch AppUITests.xctest */,
				94E4CB742B6BE13A00C931A2 /* MacLandmarks.app */,
				94E4CB842B6BE13B00C931A2 /* MacLandmarksTests.xctest */,
				94E4CB8E2B6BE13B00C931A2 /* MacLandmarksUITests.xctest */,
			);
			name = Products;
			sourceTree = "<group>";
		};
		94AAB8752B612BA3008BB3B3 /* landmarks */ = {
			isa = PBXGroup;
			children = (
				94AAB8762B612BA3008BB3B3 /* LandmarksApp.swift */,
				94AAB87A2B612BA3008BB3B3 /* Assets.xcassets */,
				94AAB87D2B612BA3008BB3B3 /* Preview Assets.xcassets */,
				94AAB8A82B616A5A008BB3B3 /* View */,
				94AAB8A92B616A71008BB3B3 /* Model */,
				94AAB8AA2B616AB7008BB3B3 /* Resources */,
			);
			path = landmarks;
			sourceTree = "<group>";
		};
		94AAB8862B612BA4008BB3B3 /* landmarksTests */ = {
			isa = PBXGroup;
			children = (
				94AAB8872B612BA4008BB3B3 /* landmarksTests.swift */,
			);
			path = landmarksTests;
			sourceTree = "<group>";
		};
		94AAB8902B612BA4008BB3B3 /* landmarksUITests */ = {
			isa = PBXGroup;
			children = (
				94AAB8912B612BA4008BB3B3 /* landmarksUITests.swift */,
				94AAB8932B612BA4008BB3B3 /* landmarksUITestsLaunchTests.swift */,
			);
			path = landmarksUITests;
			sourceTree = "<group>";
		};
		94AAB8A82B616A5A008BB3B3 /* View */ = {
			isa = PBXGroup;
			children = (
				94AAB8782B612BA3008BB3B3 /* ContentView.swift */,
				94431CFA2B691D2E00D67B5E /* PageView */,
				94431CF12B67EC9A00D67B5E /* Profile */,
				949D88242B67DB1D00006867 /* Categories */,
				94AAB8BA2B62AA0A008BB3B3 /* Helpers */,
				949D881B2B64017B00006867 /* Hikes */,
				94AAB8B92B62A9EF008BB3B3 /* Landmarks */,
				949D88122B63F6FE00006867 /* Badge */,
			);
			path = View;
			sourceTree = "<group>";
		};
		94AAB8A92B616A71008BB3B3 /* Model */ = {
			isa = PBXGroup;
			children = (
				949D88192B63FCC900006867 /* Hike.swift */,
				94AAB8A42B6166EF008BB3B3 /* Landmark.swift */,
				94AAB8A62B616875008BB3B3 /* ModelData.swift */,
				94431CEE2B67EBCB00D67B5E /* Profile.swift */,
			);
			path = Model;
			sourceTree = "<group>";
		};
		94AAB8AA2B616AB7008BB3B3 /* Resources */ = {
			isa = PBXGroup;
			children = (
				949D88152B63FC4F00006867 /* hikeData.json */,
				949D88132B63FBA600006867 /* landmarkData.json */,
			);
			path = Resources;
			sourceTree = "<group>";
		};
		94AAB8B92B62A9EF008BB3B3 /* Landmarks */ = {
			isa = PBXGroup;
			children = (
				94AAB8B12B616DEF008BB3B3 /* LandmarkList.swift */,
				94AAB8AD2B616B36008BB3B3 /* LandmarkRow.swift */,
				94AAB8B52B616F34008BB3B3 /* LandmarkDetail.swift */,
				94431CFD2B691FD500D67B5E /* FeatureCard.swift */,
			);
			path = Landmarks;
			sourceTree = "<group>";
		};
		94AAB8BA2B62AA0A008BB3B3 /* Helpers */ = {
			isa = PBXGroup;
			children = (
				94AAB8A02B61559B008BB3B3 /* CircleImage.swift */,
				94AAB8B72B62A8E0008BB3B3 /* FavoriteButton.swift */,
				94AAB8A22B6157DA008BB3B3 /* MapView.swift */,
			);
			path = Helpers;
			sourceTree = "<group>";
		};
		94BC516B2B6A8ECC0079097F /* WatchLandmarks Watch App */ = {
			isa = PBXGroup;
			children = (
				94BC516E2B6A8ECC0079097F /* ContentView.swift */,
				94BC51702B6A8ECD0079097F /* Assets.xcassets */,
				94BC51722B6A8ECD0079097F /* Preview Content */,
				94BC51A02B6A90DF0079097F /* LandmarkDetail.swift */,
				947664D22B6BB70F00C47522 /* NotificationView.swift */,
				947664D42B6BB72700C47522 /* NotificationController.swift */,
				947664D82B6BBF8300C47522 /* PushNotificationPayload.apns */,
			);
			path = "WatchLandmarks Watch App";
			sourceTree = "<group>";
		};
		94BC51722B6A8ECD0079097F /* Preview Content */ = {
			isa = PBXGroup;
			children = (
				94BC51732B6A8ECD0079097F /* Preview Assets.xcassets */,
			);
			path = "Preview Content";
			sourceTree = "<group>";
		};
		94BC517C2B6A8ECD0079097F /* WatchLandmarks Watch AppTests */ = {
			isa = PBXGroup;
			children = (
				94BC517D2B6A8ECD0079097F /* WatchLandmarks_Watch_AppTests.swift */,
			);
			path = "WatchLandmarks Watch AppTests";
			sourceTree = "<group>";
		};
		94BC51862B6A8ECD0079097F /* WatchLandmarks Watch AppUITests */ = {
			isa = PBXGroup;
			children = (
				94BC51872B6A8ECD0079097F /* WatchLandmarks_Watch_AppUITests.swift */,
				94BC51892B6A8ECD0079097F /* WatchLandmarks_Watch_AppUITestsLaunchTests.swift */,
			);
			path = "WatchLandmarks Watch AppUITests";
			sourceTree = "<group>";
		};
		94E4CB752B6BE13A00C931A2 /* MacLandmarks */ = {
			isa = PBXGroup;
			children = (
				94E4CB782B6BE13A00C931A2 /* ContentView.swift */,
				94E4CB7A2B6BE13B00C931A2 /* Assets.xcassets */,
				94E4CB7F2B6BE13B00C931A2 /* MacLandmarks.entitlements */,
				94E4CB7C2B6BE13B00C931A2 /* Preview Content */,
			);
			path = MacLandmarks;
			sourceTree = "<group>";
		};
		94E4CB7C2B6BE13B00C931A2 /* Preview Content */ = {
			isa = PBXGroup;
			children = (
				94E4CB7D2B6BE13B00C931A2 /* Preview Assets.xcassets */,
			);
			path = "Preview Content";
			sourceTree = "<group>";
		};
		94E4CB872B6BE13B00C931A2 /* MacLandmarksTests */ = {
			isa = PBXGroup;
			children = (
				94E4CB882B6BE13B00C931A2 /* MacLandmarksTests.swift */,
			);
			path = MacLandmarksTests;
			sourceTree = "<group>";
		};
		94E4CB912B6BE13B00C931A2 /* MacLandmarksUITests */ = {
			isa = PBXGroup;
			children = (
				94E4CB922B6BE13B00C931A2 /* MacLandmarksUITests.swift */,
				94E4CB942B6BE13B00C931A2 /* MacLandmarksUITestsLaunchTests.swift */,
			);
			path = MacLandmarksUITests;
			sourceTree = "<group>";
		};
/* End PBXGroup section */

/* Begin PBXNativeTarget section */
		94AAB8722B612BA3008BB3B3 /* landmarks */ = {
			isa = PBXNativeTarget;
			buildConfigurationList = 94AAB8972B612BA4008BB3B3 /* Build configuration list for PBXNativeTarget "landmarks" */;
			buildPhases = (
				94AAB86F2B612BA3008BB3B3 /* Sources */,
				94AAB8702B612BA3008BB3B3 /* Frameworks */,
				94AAB8712B612BA3008BB3B3 /* Resources */,
			);
			buildRules = (
			);
			dependencies = (
			);
			name = landmarks;
			productName = landmarks;
			productReference = 94AAB8732B612BA3008BB3B3 /* landmarks.app */;
			productType = "com.apple.product-type.application";
		};
		94AAB8822B612BA4008BB3B3 /* landmarksTests */ = {
			isa = PBXNativeTarget;
			buildConfigurationList = 94AAB89A2B612BA4008BB3B3 /* Build configuration list for PBXNativeTarget "landmarksTests" */;
			buildPhases = (
				94AAB87F2B612BA4008BB3B3 /* Sources */,
				94AAB8802B612BA4008BB3B3 /* Frameworks */,
				94AAB8812B612BA4008BB3B3 /* Resources */,
			);
			buildRules = (
			);
			dependencies = (
				94AAB8852B612BA4008BB3B3 /* PBXTargetDependency */,
			);
			name = landmarksTests;
			productName = landmarksTests;
			productReference = 94AAB8832B612BA4008BB3B3 /* landmarksTests.xctest */;
			productType = "com.apple.product-type.bundle.unit-test";
		};
		94AAB88C2B612BA4008BB3B3 /* landmarksUITests */ = {
			isa = PBXNativeTarget;
			buildConfigurationList = 94AAB89D2B612BA4008BB3B3 /* Build configuration list for PBXNativeTarget "landmarksUITests" */;
			buildPhases = (
				94AAB8892B612BA4008BB3B3 /* Sources */,
				94AAB88A2B612BA4008BB3B3 /* Frameworks */,
				94AAB88B2B612BA4008BB3B3 /* Resources */,
			);
			buildRules = (
			);
			dependencies = (
				94AAB88F2B612BA4008BB3B3 /* PBXTargetDependency */,
			);
			name = landmarksUITests;
			productName = landmarksUITests;
			productReference = 94AAB88D2B612BA4008BB3B3 /* landmarksUITests.xctest */;
			productType = "com.apple.product-type.bundle.ui-testing";
		};
		94BC51692B6A8ECC0079097F /* WatchLandmarks Watch App */ = {
			isa = PBXNativeTarget;
			buildConfigurationList = 94BC51912B6A8ECD0079097F /* Build configuration list for PBXNativeTarget "WatchLandmarks Watch App" */;
			buildPhases = (
				94BC51662B6A8ECC0079097F /* Sources */,
				94BC51672B6A8ECC0079097F /* Frameworks */,
				94BC51682B6A8ECC0079097F /* Resources */,
			);
			buildRules = (
			);
			dependencies = (
			);
			name = "WatchLandmarks Watch App";
			productName = "WatchLandmarks Watch App";
			productReference = 94BC516A2B6A8ECC0079097F /* WatchLandmarks Watch App.app */;
			productType = "com.apple.product-type.application";
		};
		94BC51782B6A8ECD0079097F /* WatchLandmarks Watch AppTests */ = {
			isa = PBXNativeTarget;
			buildConfigurationList = 94BC51922B6A8ECD0079097F /* Build configuration list for PBXNativeTarget "WatchLandmarks Watch AppTests" */;
			buildPhases = (
				94BC51752B6A8ECD0079097F /* Sources */,
				94BC51762B6A8ECD0079097F /* Frameworks */,
				94BC51772B6A8ECD0079097F /* Resources */,
			);
			buildRules = (
			);
			dependencies = (
				94BC517B2B6A8ECD0079097F /* PBXTargetDependency */,
			);
			name = "WatchLandmarks Watch AppTests";
			productName = "WatchLandmarks Watch AppTests";
			productReference = 94BC51792B6A8ECD0079097F /* WatchLandmarks Watch AppTests.xctest */;
			productType = "com.apple.product-type.bundle.unit-test";
		};
		94BC51822B6A8ECD0079097F /* WatchLandmarks Watch AppUITests */ = {
			isa = PBXNativeTarget;
			buildConfigurationList = 94BC51932B6A8ECD0079097F /* Build configuration list for PBXNativeTarget "WatchLandmarks Watch AppUITests" */;
			buildPhases = (
				94BC517F2B6A8ECD0079097F /* Sources */,
				94BC51802B6A8ECD0079097F /* Frameworks */,
				94BC51812B6A8ECD0079097F /* Resources */,
			);
			buildRules = (
			);
			dependencies = (
				94BC51852B6A8ECD0079097F /* PBXTargetDependency */,
			);
			name = "WatchLandmarks Watch AppUITests";
			productName = "WatchLandmarks Watch AppUITests";
			productReference = 94BC51832B6A8ECD0079097F /* WatchLandmarks Watch AppUITests.xctest */;
			productType = "com.apple.product-type.bundle.ui-testing";
		};
		94E4CB732B6BE13A00C931A2 /* MacLandmarks */ = {
			isa = PBXNativeTarget;
			buildConfigurationList = 94E4CB9C2B6BE13B00C931A2 /* Build configuration list for PBXNativeTarget "MacLandmarks" */;
			buildPhases = (
				94E4CB702B6BE13A00C931A2 /* Sources */,
				94E4CB712B6BE13A00C931A2 /* Frameworks */,
				94E4CB722B6BE13A00C931A2 /* Resources */,
			);
			buildRules = (
			);
			dependencies = (
			);
			name = MacLandmarks;
			productName = MacLandmarks;
			productReference = 94E4CB742B6BE13A00C931A2 /* MacLandmarks.app */;
			productType = "com.apple.product-type.application";
		};
		94E4CB832B6BE13B00C931A2 /* MacLandmarksTests */ = {
			isa = PBXNativeTarget;
			buildConfigurationList = 94E4CB9D2B6BE13B00C931A2 /* Build configuration list for PBXNativeTarget "MacLandmarksTests" */;
			buildPhases = (
				94E4CB802B6BE13B00C931A2 /* Sources */,
				94E4CB812B6BE13B00C931A2 /* Frameworks */,
				94E4CB822B6BE13B00C931A2 /* Resources */,
			);
			buildRules = (
			);
			dependencies = (
				94E4CB862B6BE13B00C931A2 /* PBXTargetDependency */,
			);
			name = MacLandmarksTests;
			productName = MacLandmarksTests;
			productReference = 94E4CB842B6BE13B00C931A2 /* MacLandmarksTests.xctest */;
			productType = "com.apple.product-type.bundle.unit-test";
		};
		94E4CB8D2B6BE13B00C931A2 /* MacLandmarksUITests */ = {
			isa = PBXNativeTarget;
			buildConfigurationList = 94E4CB9E2B6BE13B00C931A2 /* Build configuration list for PBXNativeTarget "MacLandmarksUITests" */;
			buildPhases = (
				94E4CB8A2B6BE13B00C931A2 /* Sources */,
				94E4CB8B2B6BE13B00C931A2 /* Frameworks */,
				94E4CB8C2B6BE13B00C931A2 /* Resources */,
			);
			buildRules = (
			);
			dependencies = (
				94E4CB902B6BE13B00C931A2 /* PBXTargetDependency */,
			);
			name = MacLandmarksUITests;
			productName = MacLandmarksUITests;
			productReference = 94E4CB8E2B6BE13B00C931A2 /* MacLandmarksUITests.xctest */;
			productType = "com.apple.product-type.bundle.ui-testing";
		};
/* End PBXNativeTarget section */

/* Begin PBXProject section */
		94AAB86B2B612BA3008BB3B3 /* Project object */ = {
			isa = PBXProject;
			attributes = {
				BuildIndependentTargetsInParallel = 1;
				LastSwiftUpdateCheck = 1520;
				LastUpgradeCheck = 1520;
				TargetAttributes = {
					94AAB8722B612BA3008BB3B3 = {
						CreatedOnToolsVersion = 15.2;
					};
					94AAB8822B612BA4008BB3B3 = {
						CreatedOnToolsVersion = 15.2;
						TestTargetID = 94AAB8722B612BA3008BB3B3;
					};
					94AAB88C2B612BA4008BB3B3 = {
						CreatedOnToolsVersion = 15.2;
						TestTargetID = 94AAB8722B612BA3008BB3B3;
					};
					94BC51692B6A8ECC0079097F = {
						CreatedOnToolsVersion = 15.2;
					};
					94BC51782B6A8ECD0079097F = {
						CreatedOnToolsVersion = 15.2;
						TestTargetID = 94BC51692B6A8ECC0079097F;
					};
					94BC51822B6A8ECD0079097F = {
						CreatedOnToolsVersion = 15.2;
						TestTargetID = 94BC51692B6A8ECC0079097F;
					};
					94E4CB732B6BE13A00C931A2 = {
						CreatedOnToolsVersion = 15.2;
					};
					94E4CB832B6BE13B00C931A2 = {
						CreatedOnToolsVersion = 15.2;
						TestTargetID = 94E4CB732B6BE13A00C931A2;
					};
					94E4CB8D2B6BE13B00C931A2 = {
						CreatedOnToolsVersion = 15.2;
						TestTargetID = 94E4CB732B6BE13A00C931A2;
					};
				};
			};
			buildConfigurationList = 94AAB86E2B612BA3008BB3B3 /* Build configuration list for PBXProject "landmarks" */;
			compatibilityVersion = "Xcode 14.0";
			developmentRegion = en;
			hasScannedForEncodings = 0;
			knownRegions = (
				en,
				Base,
			);
			mainGroup = 94AAB86A2B612BA3008BB3B3;
			productRefGroup = 94AAB8742B612BA3008BB3B3 /* Products */;
			projectDirPath = "";
			projectRoot = "";
			targets = (
				94AAB8722B612BA3008BB3B3 /* landmarks */,
				94AAB8822B612BA4008BB3B3 /* landmarksTests */,
				94AAB88C2B612BA4008BB3B3 /* landmarksUITests */,
				94BC51692B6A8ECC0079097F /* WatchLandmarks Watch App */,
				94BC51782B6A8ECD0079097F /* WatchLandmarks Watch AppTests */,
				94BC51822B6A8ECD0079097F /* WatchLandmarks Watch AppUITests */,
				94E4CB732B6BE13A00C931A2 /* MacLandmarks */,
				94E4CB832B6BE13B00C931A2 /* MacLandmarksTests */,
				94E4CB8D2B6BE13B00C931A2 /* MacLandmarksUITests */,
			);
		};
/* End PBXProject section */

/* Begin PBXResourcesBuildPhase section */
		94AAB8712B612BA3008BB3B3 /* Resources */ = {
			isa = PBXResourcesBuildPhase;
			buildActionMask = 2147483647;
			files = (
				949D88162B63FC4F00006867 /* hikeData.json in Resources */,
				94AAB87E2B612BA3008BB3B3 /* Preview Assets.xcassets in Resources */,
				949D88142B63FBA600006867 /* landmarkData.json in Resources */,
				94AAB87B2B612BA3008BB3B3 /* Assets.xcassets in Resources */,
			);
			runOnlyForDeploymentPostprocessing = 0;
		};
		94AAB8812B612BA4008BB3B3 /* Resources */ = {
			isa = PBXResourcesBuildPhase;
			buildActionMask = 2147483647;
			files = (
			);
			runOnlyForDeploymentPostprocessing = 0;
		};
		94AAB88B2B612BA4008BB3B3 /* Resources */ = {
			isa = PBXResourcesBuildPhase;
			buildActionMask = 2147483647;
			files = (
			);
			runOnlyForDeploymentPostprocessing = 0;
		};
		94BC51682B6A8ECC0079097F /* Resources */ = {
			isa = PBXResourcesBuildPhase;
			buildActionMask = 2147483647;
			files = (
				94BC51742B6A8ECD0079097F /* Preview Assets.xcassets in Resources */,
				94BC519B2B6A900F0079097F /* landmarkData.json in Resources */,
				94BC51942B6A900F0079097F /* Assets.xcassets in Resources */,
				94BC51712B6A8ECD0079097F /* Assets.xcassets in Resources */,
				94BC519D2B6A900F0079097F /* hikeData.json in Resources */,
			);
			runOnlyForDeploymentPostprocessing = 0;
		};
		94BC51772B6A8ECD0079097F /* Resources */ = {
			isa = PBXResourcesBuildPhase;
			buildActionMask = 2147483647;
			files = (
			);
			runOnlyForDeploymentPostprocessing = 0;
		};
		94BC51812B6A8ECD0079097F /* Resources */ = {
			isa = PBXResourcesBuildPhase;
			buildActionMask = 2147483647;
			files = (
			);
			runOnlyForDeploymentPostprocessing = 0;
		};
		94E4CB722B6BE13A00C931A2 /* Resources */ = {
			isa = PBXResourcesBuildPhase;
			buildActionMask = 2147483647;
			files = (
				94E4CB7E2B6BE13B00C931A2 /* Preview Assets.xcassets in Resources */,
				94E4CBA92B6D33B500C931A2 /* landmarkData.json in Resources */,
				94E4CB9F2B6D33B500C931A2 /* Assets.xcassets in Resources */,
				94E4CB7B2B6BE13B00C931A2 /* Assets.xcassets in Resources */,
				94E4CBAA2B6D33B500C931A2 /* hikeData.json in Resources */,
			);
			runOnlyForDeploymentPostprocessing = 0;
		};
		94E4CB822B6BE13B00C931A2 /* Resources */ = {
			isa = PBXResourcesBuildPhase;
			buildActionMask = 2147483647;
			files = (
			);
			runOnlyForDeploymentPostprocessing = 0;
		};
		94E4CB8C2B6BE13B00C931A2 /* Resources */ = {
			isa = PBXResourcesBuildPhase;
			buildActionMask = 2147483647;
			files = (
			);
			runOnlyForDeploymentPostprocessing = 0;
		};
/* End PBXResourcesBuildPhase section */

/* Begin PBXSourcesBuildPhase section */
		94AAB86F2B612BA3008BB3B3 /* Sources */ = {
			isa = PBXSourcesBuildPhase;
			buildActionMask = 2147483647;
			files = (
				949D88282B67E01600006867 /* CategoryRow.swift in Sources */,
				94431CEF2B67EBCB00D67B5E /* Profile.swift in Sources */,
				94AAB8792B612BA3008BB3B3 /* ContentView.swift in Sources */,
				949D88262B67DB3400006867 /* CategoryHome.swift in Sources */,
				94431CFE2B691FD500D67B5E /* FeatureCard.swift in Sources */,
				949D88212B64017B00006867 /* HikeGraph.swift in Sources */,
				949D88112B63F52800006867 /* Badge.swift in Sources */,
				94AAB8A32B6157DA008BB3B3 /* MapView.swift in Sources */,
				949D88202B64017B00006867 /* GraphCapsule.swift in Sources */,
				94AAB8772B612BA3008BB3B3 /* LandmarksApp.swift in Sources */,
				94431D022B69702D00D67B5E /* PageControl.swift in Sources */,
				94AAB8B82B62A8E0008BB3B3 /* FavoriteButton.swift in Sources */,
				949D882A2B67E17400006867 /* CategoryItem.swift in Sources */,
				949D88222B64017B00006867 /* HikeDetail.swift in Sources */,
				94431CF52B67EF2800D67B5E /* ProfileSummary.swift in Sources */,
				949D88012B63E5B100006867 /* HexagonParameters.swift in Sources */,
				94431CF32B67ECAC00D67B5E /* ProfileHost.swift in Sources */,
				949D881A2B63FCC900006867 /* Hike.swift in Sources */,
				949D880F2B63F2D500006867 /* RotatedBadgeSymbol.swift in Sources */,
				94431D002B6921FB00D67B5E /* PageView.swift in Sources */,
				949D880D2B63F21100006867 /* BadgeSymbol.swift in Sources */,
				94431CF92B69078C00D67B5E /* ProfileEditor.swift in Sources */,
				94AAB8B22B616DEF008BB3B3 /* LandmarkList.swift in Sources */,
				949D88232B64017B00006867 /* HikeView.swift in Sources */,
				94AAB8B62B616F34008BB3B3 /* LandmarkDetail.swift in Sources */,
				94431CFC2B691D4E00D67B5E /* PageViewController.swift in Sources */,
				949D88072B63E82200006867 /* BadgeBackground.swift in Sources */,
				94431CF72B684FD200D67B5E /* HikeBadge.swift in Sources */,
				94AAB8A12B61559B008BB3B3 /* CircleImage.swift in Sources */,
				94AAB8A52B6166EF008BB3B3 /* Landmark.swift in Sources */,
				94AAB8AE2B616B36008BB3B3 /* LandmarkRow.swift in Sources */,
				94AAB8A72B616875008BB3B3 /* ModelData.swift in Sources */,
			);
			runOnlyForDeploymentPostprocessing = 0;
		};
		94AAB87F2B612BA4008BB3B3 /* Sources */ = {
			isa = PBXSourcesBuildPhase;
			buildActionMask = 2147483647;
			files = (
				94AAB8882B612BA4008BB3B3 /* landmarksTests.swift in Sources */,
			);
			runOnlyForDeploymentPostprocessing = 0;
		};
		94AAB8892B612BA4008BB3B3 /* Sources */ = {
			isa = PBXSourcesBuildPhase;
			buildActionMask = 2147483647;
			files = (
				94AAB8942B612BA4008BB3B3 /* landmarksUITestsLaunchTests.swift in Sources */,
				94AAB8922B612BA4008BB3B3 /* landmarksUITests.swift in Sources */,
			);
			runOnlyForDeploymentPostprocessing = 0;
		};
		94BC51662B6A8ECC0079097F /* Sources */ = {
			isa = PBXSourcesBuildPhase;
			buildActionMask = 2147483647;
			files = (
				94BC516F2B6A8ECC0079097F /* ContentView.swift in Sources */,
				94BC51962B6A900F0079097F /* LandmarkList.swift in Sources */,
				94BC51972B6A900F0079097F /* LandmarkRow.swift in Sources */,
				94BC519F2B6A900F0079097F /* LandmarksApp.swift in Sources */,
				94BC519A2B6A900F0079097F /* Profile.swift in Sources */,
				94BC51952B6A900F0079097F /* MapView.swift in Sources */,
				94BC519E2B6A900F0079097F /* CircleImage.swift in Sources */,
				94BC51982B6A900F0079097F /* Landmark.swift in Sources */,
				94BC519C2B6A900F0079097F /* Hike.swift in Sources */,
				947664D52B6BB72700C47522 /* NotificationController.swift in Sources */,
				94BC51992B6A900F0079097F /* ModelData.swift in Sources */,
				94BC51A12B6A90DF0079097F /* LandmarkDetail.swift in Sources */,
				947664D32B6BB70F00C47522 /* NotificationView.swift in Sources */,
			);
			runOnlyForDeploymentPostprocessing = 0;
		};
		94BC51752B6A8ECD0079097F /* Sources */ = {
			isa = PBXSourcesBuildPhase;
			buildActionMask = 2147483647;
			files = (
				94BC517E2B6A8ECD0079097F /* WatchLandmarks_Watch_AppTests.swift in Sources */,
			);
			runOnlyForDeploymentPostprocessing = 0;
		};
		94BC517F2B6A8ECD0079097F /* Sources */ = {
			isa = PBXSourcesBuildPhase;
			buildActionMask = 2147483647;
			files = (
				94BC518A2B6A8ECD0079097F /* WatchLandmarks_Watch_AppUITestsLaunchTests.swift in Sources */,
				94BC51882B6A8ECD0079097F /* WatchLandmarks_Watch_AppUITests.swift in Sources */,
			);
			runOnlyForDeploymentPostprocessing = 0;
		};
		94E4CB702B6BE13A00C931A2 /* Sources */ = {
			isa = PBXSourcesBuildPhase;
			buildActionMask = 2147483647;
			files = (
				94E4CBA02B6D33B500C931A2 /* Hike.swift in Sources */,
				94E4CBA62B6D33B500C931A2 /* CircleImage.swift in Sources */,
				94E4CBA42B6D33B500C931A2 /* Profile.swift in Sources */,
				94E4CBA72B6D33B500C931A2 /* FavoriteButton.swift in Sources */,
				94E4CBAB2B6D33B500C931A2 /* LandmarksApp.swift in Sources */,
				94E4CB792B6BE13A00C931A2 /* ContentView.swift in Sources */,
				94E4CBA52B6D33B500C931A2 /* LandmarkList.swift in Sources */,
				94E4CBA32B6D33B500C931A2 /* ModelData.swift in Sources */,
				94E4CBA82B6D33B500C931A2 /* MapView.swift in Sources */,
				94E4CBA12B6D33B500C931A2 /* LandmarkRow.swift in Sources */,
				94E4CBA22B6D33B500C931A2 /* Landmark.swift in Sources */,
			);
			runOnlyForDeploymentPostprocessing = 0;
		};
		94E4CB802B6BE13B00C931A2 /* Sources */ = {
			isa = PBXSourcesBuildPhase;
			buildActionMask = 2147483647;
			files = (
				94E4CB892B6BE13B00C931A2 /* MacLandmarksTests.swift in Sources */,
			);
			runOnlyForDeploymentPostprocessing = 0;
		};
		94E4CB8A2B6BE13B00C931A2 /* Sources */ = {
			isa = PBXSourcesBuildPhase;
			buildActionMask = 2147483647;
			files = (
				94E4CB952B6BE13B00C931A2 /* MacLandmarksUITestsLaunchTests.swift in Sources */,
				94E4CB932B6BE13B00C931A2 /* MacLandmarksUITests.swift in Sources */,
			);
			runOnlyForDeploymentPostprocessing = 0;
		};
/* End PBXSourcesBuildPhase section */

/* Begin PBXTargetDependency section */
		94AAB8852B612BA4008BB3B3 /* PBXTargetDependency */ = {
			isa = PBXTargetDependency;
			target = 94AAB8722B612BA3008BB3B3 /* landmarks */;
			targetProxy = 94AAB8842B612BA4008BB3B3 /* PBXContainerItemProxy */;
		};
		94AAB88F2B612BA4008BB3B3 /* PBXTargetDependency */ = {
			isa = PBXTargetDependency;
			target = 94AAB8722B612BA3008BB3B3 /* landmarks */;
			targetProxy = 94AAB88E2B612BA4008BB3B3 /* PBXContainerItemProxy */;
		};
		94BC517B2B6A8ECD0079097F /* PBXTargetDependency */ = {
			isa = PBXTargetDependency;
			target = 94BC51692B6A8ECC0079097F /* WatchLandmarks Watch App */;
			targetProxy = 94BC517A2B6A8ECD0079097F /* PBXContainerItemProxy */;
		};
		94BC51852B6A8ECD0079097F /* PBXTargetDependency */ = {
			isa = PBXTargetDependency;
			target = 94BC51692B6A8ECC0079097F /* WatchLandmarks Watch App */;
			targetProxy = 94BC51842B6A8ECD0079097F /* PBXContainerItemProxy */;
		};
		94E4CB862B6BE13B00C931A2 /* PBXTargetDependency */ = {
			isa = PBXTargetDependency;
			target = 94E4CB732B6BE13A00C931A2 /* MacLandmarks */;
			targetProxy = 94E4CB852B6BE13B00C931A2 /* PBXContainerItemProxy */;
		};
		94E4CB902B6BE13B00C931A2 /* PBXTargetDependency */ = {
			isa = PBXTargetDependency;
			target = 94E4CB732B6BE13A00C931A2 /* MacLandmarks */;
			targetProxy = 94E4CB8F2B6BE13B00C931A2 /* PBXContainerItemProxy */;
		};
/* End PBXTargetDependency section */

/* Begin XCBuildConfiguration section */
		94AAB8952B612BA4008BB3B3 /* Debug */ = {
			isa = XCBuildConfiguration;
			buildSettings = {
				ALWAYS_SEARCH_USER_PATHS = NO;
				ASSETCATALOG_COMPILER_GENERATE_SWIFT_ASSET_SYMBOL_EXTENSIONS = YES;
				CLANG_ANALYZER_NONNULL = YES;
				CLANG_ANALYZER_NUMBER_OBJECT_CONVERSION = YES_AGGRESSIVE;
				CLANG_CXX_LANGUAGE_STANDARD = "gnu++20";
				CLANG_ENABLE_MODULES = YES;
				CLANG_ENABLE_OBJC_ARC = YES;
				CLANG_ENABLE_OBJC_WEAK = YES;
				CLANG_WARN_BLOCK_CAPTURE_AUTORELEASING = YES;
				CLANG_WARN_BOOL_CONVERSION = YES;
				CLANG_WARN_COMMA = YES;
				CLANG_WARN_CONSTANT_CONVERSION = YES;
				CLANG_WARN_DEPRECATED_OBJC_IMPLEMENTATIONS = YES;
				CLANG_WARN_DIRECT_OBJC_ISA_USAGE = YES_ERROR;
				CLANG_WARN_DOCUMENTATION_COMMENTS = YES;
				CLANG_WARN_EMPTY_BODY = YES;
				CLANG_WARN_ENUM_CONVERSION = YES;
				CLANG_WARN_INFINITE_RECURSION = YES;
				CLANG_WARN_INT_CONVERSION = YES;
				CLANG_WARN_NON_LITERAL_NULL_CONVERSION = YES;
				CLANG_WARN_OBJC_IMPLICIT_RETAIN_SELF = YES;
				CLANG_WARN_OBJC_LITERAL_CONVERSION = YES;
				CLANG_WARN_OBJC_ROOT_CLASS = YES_ERROR;
				CLANG_WARN_QUOTED_INCLUDE_IN_FRAMEWORK_HEADER = YES;
				CLANG_WARN_RANGE_LOOP_ANALYSIS = YES;
				CLANG_WARN_STRICT_PROTOTYPES = YES;
				CLANG_WARN_SUSPICIOUS_MOVE = YES;
				CLANG_WARN_UNGUARDED_AVAILABILITY = YES_AGGRESSIVE;
				CLANG_WARN_UNREACHABLE_CODE = YES;
				CLANG_WARN__DUPLICATE_METHOD_MATCH = YES;
				COPY_PHASE_STRIP = NO;
				DEBUG_INFORMATION_FORMAT = dwarf;
				ENABLE_STRICT_OBJC_MSGSEND = YES;
				ENABLE_TESTABILITY = YES;
				ENABLE_USER_SCRIPT_SANDBOXING = YES;
				GCC_C_LANGUAGE_STANDARD = gnu17;
				GCC_DYNAMIC_NO_PIC = NO;
				GCC_NO_COMMON_BLOCKS = YES;
				GCC_OPTIMIZATION_LEVEL = 0;
				GCC_PREPROCESSOR_DEFINITIONS = (
					"DEBUG=1",
					"$(inherited)",
				);
				GCC_WARN_64_TO_32_BIT_CONVERSION = YES;
				GCC_WARN_ABOUT_RETURN_TYPE = YES_ERROR;
				GCC_WARN_UNDECLARED_SELECTOR = YES;
				GCC_WARN_UNINITIALIZED_AUTOS = YES_AGGRESSIVE;
				GCC_WARN_UNUSED_FUNCTION = YES;
				GCC_WARN_UNUSED_VARIABLE = YES;
				IPHONEOS_DEPLOYMENT_TARGET = 17.2;
				LOCALIZATION_PREFERS_STRING_CATALOGS = YES;
				MTL_ENABLE_DEBUG_INFO = INCLUDE_SOURCE;
				MTL_FAST_MATH = YES;
				ONLY_ACTIVE_ARCH = YES;
				SDKROOT = iphoneos;
				SWIFT_ACTIVE_COMPILATION_CONDITIONS = "DEBUG $(inherited)";
				SWIFT_OPTIMIZATION_LEVEL = "-Onone";
			};
			name = Debug;
		};
		94AAB8962B612BA4008BB3B3 /* Release */ = {
			isa = XCBuildConfiguration;
			buildSettings = {
				ALWAYS_SEARCH_USER_PATHS = NO;
				ASSETCATALOG_COMPILER_GENERATE_SWIFT_ASSET_SYMBOL_EXTENSIONS = YES;
				CLANG_ANALYZER_NONNULL = YES;
				CLANG_ANALYZER_NUMBER_OBJECT_CONVERSION = YES_AGGRESSIVE;
				CLANG_CXX_LANGUAGE_STANDARD = "gnu++20";
				CLANG_ENABLE_MODULES = YES;
				CLANG_ENABLE_OBJC_ARC = YES;
				CLANG_ENABLE_OBJC_WEAK = YES;
				CLANG_WARN_BLOCK_CAPTURE_AUTORELEASING = YES;
				CLANG_WARN_BOOL_CONVERSION = YES;
				CLANG_WARN_COMMA = YES;
				CLANG_WARN_CONSTANT_CONVERSION = YES;
				CLANG_WARN_DEPRECATED_OBJC_IMPLEMENTATIONS = YES;
				CLANG_WARN_DIRECT_OBJC_ISA_USAGE = YES_ERROR;
				CLANG_WARN_DOCUMENTATION_COMMENTS = YES;
				CLANG_WARN_EMPTY_BODY = YES;
				CLANG_WARN_ENUM_CONVERSION = YES;
				CLANG_WARN_INFINITE_RECURSION = YES;
				CLANG_WARN_INT_CONVERSION = YES;
				CLANG_WARN_NON_LITERAL_NULL_CONVERSION = YES;
				CLANG_WARN_OBJC_IMPLICIT_RETAIN_SELF = YES;
				CLANG_WARN_OBJC_LITERAL_CONVERSION = YES;
				CLANG_WARN_OBJC_ROOT_CLASS = YES_ERROR;
				CLANG_WARN_QUOTED_INCLUDE_IN_FRAMEWORK_HEADER = YES;
				CLANG_WARN_RANGE_LOOP_ANALYSIS = YES;
				CLANG_WARN_STRICT_PROTOTYPES = YES;
				CLANG_WARN_SUSPICIOUS_MOVE = YES;
				CLANG_WARN_UNGUARDED_AVAILABILITY = YES_AGGRESSIVE;
				CLANG_WARN_UNREACHABLE_CODE = YES;
				CLANG_WARN__DUPLICATE_METHOD_MATCH = YES;
				COPY_PHASE_STRIP = NO;
				DEBUG_INFORMATION_FORMAT = "dwarf-with-dsym";
				ENABLE_NS_ASSERTIONS = NO;
				ENABLE_STRICT_OBJC_MSGSEND = YES;
				ENABLE_USER_SCRIPT_SANDBOXING = YES;
				GCC_C_LANGUAGE_STANDARD = gnu17;
				GCC_NO_COMMON_BLOCKS = YES;
				GCC_WARN_64_TO_32_BIT_CONVERSION = YES;
				GCC_WARN_ABOUT_RETURN_TYPE = YES_ERROR;
				GCC_WARN_UNDECLARED_SELECTOR = YES;
				GCC_WARN_UNINITIALIZED_AUTOS = YES_AGGRESSIVE;
				GCC_WARN_UNUSED_FUNCTION = YES;
				GCC_WARN_UNUSED_VARIABLE = YES;
				IPHONEOS_DEPLOYMENT_TARGET = 17.2;
				LOCALIZATION_PREFERS_STRING_CATALOGS = YES;
				MTL_ENABLE_DEBUG_INFO = NO;
				MTL_FAST_MATH = YES;
				SDKROOT = iphoneos;
				SWIFT_COMPILATION_MODE = wholemodule;
				VALIDATE_PRODUCT = YES;
			};
			name = Release;
		};
		94AAB8982B612BA4008BB3B3 /* Debug */ = {
			isa = XCBuildConfiguration;
			buildSettings = {
				ASSETCATALOG_COMPILER_APPICON_NAME = AppIcon;
				ASSETCATALOG_COMPILER_GLOBAL_ACCENT_COLOR_NAME = AccentColor;
				CODE_SIGN_STYLE = Automatic;
				CURRENT_PROJECT_VERSION = 1;
				DEVELOPMENT_ASSET_PATHS = "";
				DEVELOPMENT_TEAM = M98VV39KL9;
				ENABLE_PREVIEWS = YES;
				GENERATE_INFOPLIST_FILE = YES;
				INFOPLIST_KEY_UIApplicationSceneManifest_Generation = YES;
				INFOPLIST_KEY_UIApplicationSupportsIndirectInputEvents = YES;
				INFOPLIST_KEY_UILaunchScreen_Generation = YES;
				INFOPLIST_KEY_UISupportedInterfaceOrientations_iPad = "UIInterfaceOrientationPortrait UIInterfaceOrientationPortraitUpsideDown UIInterfaceOrientationLandscapeLeft UIInterfaceOrientationLandscapeRight";
				INFOPLIST_KEY_UISupportedInterfaceOrientations_iPhone = "UIInterfaceOrientationPortrait UIInterfaceOrientationLandscapeLeft UIInterfaceOrientationLandscapeRight";
				LD_RUNPATH_SEARCH_PATHS = (
					"$(inherited)",
					"@executable_path/Frameworks",
				);
				MARKETING_VERSION = 1.0;
				PRODUCT_BUNDLE_IDENTIFIER = dev.marcossevilla.landmarks;
				PRODUCT_NAME = "$(TARGET_NAME)";
				SWIFT_EMIT_LOC_STRINGS = YES;
				SWIFT_VERSION = 5.0;
				TARGETED_DEVICE_FAMILY = "1,2";
			};
			name = Debug;
		};
		94AAB8992B612BA4008BB3B3 /* Release */ = {
			isa = XCBuildConfiguration;
			buildSettings = {
				ASSETCATALOG_COMPILER_APPICON_NAME = AppIcon;
				ASSETCATALOG_COMPILER_GLOBAL_ACCENT_COLOR_NAME = AccentColor;
				CODE_SIGN_STYLE = Automatic;
				CURRENT_PROJECT_VERSION = 1;
				DEVELOPMENT_ASSET_PATHS = "";
				DEVELOPMENT_TEAM = M98VV39KL9;
				ENABLE_PREVIEWS = YES;
				GENERATE_INFOPLIST_FILE = YES;
				INFOPLIST_KEY_UIApplicationSceneManifest_Generation = YES;
				INFOPLIST_KEY_UIApplicationSupportsIndirectInputEvents = YES;
				INFOPLIST_KEY_UILaunchScreen_Generation = YES;
				INFOPLIST_KEY_UISupportedInterfaceOrientations_iPad = "UIInterfaceOrientationPortrait UIInterfaceOrientationPortraitUpsideDown UIInterfaceOrientationLandscapeLeft UIInterfaceOrientationLandscapeRight";
				INFOPLIST_KEY_UISupportedInterfaceOrientations_iPhone = "UIInterfaceOrientationPortrait UIInterfaceOrientationLandscapeLeft UIInterfaceOrientationLandscapeRight";
				LD_RUNPATH_SEARCH_PATHS = (
					"$(inherited)",
					"@executable_path/Frameworks",
				);
				MARKETING_VERSION = 1.0;
				PRODUCT_BUNDLE_IDENTIFIER = dev.marcossevilla.landmarks;
				PRODUCT_NAME = "$(TARGET_NAME)";
				SWIFT_EMIT_LOC_STRINGS = YES;
				SWIFT_VERSION = 5.0;
				TARGETED_DEVICE_FAMILY = "1,2";
			};
			name = Release;
		};
		94AAB89B2B612BA4008BB3B3 /* Debug */ = {
			isa = XCBuildConfiguration;
			buildSettings = {
				ALWAYS_EMBED_SWIFT_STANDARD_LIBRARIES = YES;
				BUNDLE_LOADER = "$(TEST_HOST)";
				CODE_SIGN_STYLE = Automatic;
				CURRENT_PROJECT_VERSION = 1;
				DEVELOPMENT_TEAM = M98VV39KL9;
				GENERATE_INFOPLIST_FILE = YES;
				IPHONEOS_DEPLOYMENT_TARGET = 17.2;
				MARKETING_VERSION = 1.0;
				PRODUCT_BUNDLE_IDENTIFIER = dev.marcossevilla.landmarksTests;
				PRODUCT_NAME = "$(TARGET_NAME)";
				SWIFT_EMIT_LOC_STRINGS = NO;
				SWIFT_VERSION = 5.0;
				TARGETED_DEVICE_FAMILY = "1,2";
				TEST_HOST = "$(BUILT_PRODUCTS_DIR)/landmarks.app/$(BUNDLE_EXECUTABLE_FOLDER_PATH)/landmarks";
			};
			name = Debug;
		};
		94AAB89C2B612BA4008BB3B3 /* Release */ = {
			isa = XCBuildConfiguration;
			buildSettings = {
				ALWAYS_EMBED_SWIFT_STANDARD_LIBRARIES = YES;
				BUNDLE_LOADER = "$(TEST_HOST)";
				CODE_SIGN_STYLE = Automatic;
				CURRENT_PROJECT_VERSION = 1;
				DEVELOPMENT_TEAM = M98VV39KL9;
				GENERATE_INFOPLIST_FILE = YES;
				IPHONEOS_DEPLOYMENT_TARGET = 17.2;
				MARKETING_VERSION = 1.0;
				PRODUCT_BUNDLE_IDENTIFIER = dev.marcossevilla.landmarksTests;
				PRODUCT_NAME = "$(TARGET_NAME)";
				SWIFT_EMIT_LOC_STRINGS = NO;
				SWIFT_VERSION = 5.0;
				TARGETED_DEVICE_FAMILY = "1,2";
				TEST_HOST = "$(BUILT_PRODUCTS_DIR)/landmarks.app/$(BUNDLE_EXECUTABLE_FOLDER_PATH)/landmarks";
			};
			name = Release;
		};
		94AAB89E2B612BA4008BB3B3 /* Debug */ = {
			isa = XCBuildConfiguration;
			buildSettings = {
				ALWAYS_EMBED_SWIFT_STANDARD_LIBRARIES = YES;
				CODE_SIGN_STYLE = Automatic;
				CURRENT_PROJECT_VERSION = 1;
				DEVELOPMENT_TEAM = M98VV39KL9;
				GENERATE_INFOPLIST_FILE = YES;
				MARKETING_VERSION = 1.0;
				PRODUCT_BUNDLE_IDENTIFIER = dev.marcossevilla.landmarksUITests;
				PRODUCT_NAME = "$(TARGET_NAME)";
				SWIFT_EMIT_LOC_STRINGS = NO;
				SWIFT_VERSION = 5.0;
				TARGETED_DEVICE_FAMILY = "1,2";
				TEST_TARGET_NAME = landmarks;
			};
			name = Debug;
		};
		94AAB89F2B612BA4008BB3B3 /* Release */ = {
			isa = XCBuildConfiguration;
			buildSettings = {
				ALWAYS_EMBED_SWIFT_STANDARD_LIBRARIES = YES;
				CODE_SIGN_STYLE = Automatic;
				CURRENT_PROJECT_VERSION = 1;
				DEVELOPMENT_TEAM = M98VV39KL9;
				GENERATE_INFOPLIST_FILE = YES;
				MARKETING_VERSION = 1.0;
				PRODUCT_BUNDLE_IDENTIFIER = dev.marcossevilla.landmarksUITests;
				PRODUCT_NAME = "$(TARGET_NAME)";
				SWIFT_EMIT_LOC_STRINGS = NO;
				SWIFT_VERSION = 5.0;
				TARGETED_DEVICE_FAMILY = "1,2";
				TEST_TARGET_NAME = landmarks;
			};
			name = Release;
		};
		94BC518B2B6A8ECD0079097F /* Debug */ = {
			isa = XCBuildConfiguration;
			buildSettings = {
				ASSETCATALOG_COMPILER_APPICON_NAME = AppIcon;
				ASSETCATALOG_COMPILER_GLOBAL_ACCENT_COLOR_NAME = AccentColor;
				CODE_SIGN_STYLE = Automatic;
				CURRENT_PROJECT_VERSION = 1;
				DEVELOPMENT_ASSET_PATHS = "\"WatchLandmarks Watch App/Preview Content\"";
				DEVELOPMENT_TEAM = M98VV39KL9;
				ENABLE_PREVIEWS = YES;
				GENERATE_INFOPLIST_FILE = YES;
				INFOPLIST_KEY_CFBundleDisplayName = WatchLandmarks;
				INFOPLIST_KEY_UISupportedInterfaceOrientations = "UIInterfaceOrientationPortrait UIInterfaceOrientationPortraitUpsideDown";
				INFOPLIST_KEY_WKCompanionAppBundleIdentifier = "";
				INFOPLIST_KEY_WKRunsIndependentlyOfCompanionApp = YES;
				LD_RUNPATH_SEARCH_PATHS = (
					"$(inherited)",
					"@executable_path/Frameworks",
				);
				MARKETING_VERSION = 1.0;
				PRODUCT_BUNDLE_IDENTIFIER = .watchkitapp;
				PRODUCT_NAME = "$(TARGET_NAME)";
				SDKROOT = watchos;
				SKIP_INSTALL = YES;
				SWIFT_EMIT_LOC_STRINGS = YES;
				SWIFT_VERSION = 5.0;
				TARGETED_DEVICE_FAMILY = 4;
				WATCHOS_DEPLOYMENT_TARGET = 10.2;
			};
			name = Debug;
		};
		94BC518C2B6A8ECD0079097F /* Release */ = {
			isa = XCBuildConfiguration;
			buildSettings = {
				ASSETCATALOG_COMPILER_APPICON_NAME = AppIcon;
				ASSETCATALOG_COMPILER_GLOBAL_ACCENT_COLOR_NAME = AccentColor;
				CODE_SIGN_STYLE = Automatic;
				CURRENT_PROJECT_VERSION = 1;
				DEVELOPMENT_ASSET_PATHS = "\"WatchLandmarks Watch App/Preview Content\"";
				DEVELOPMENT_TEAM = M98VV39KL9;
				ENABLE_PREVIEWS = YES;
				GENERATE_INFOPLIST_FILE = YES;
				INFOPLIST_KEY_CFBundleDisplayName = WatchLandmarks;
				INFOPLIST_KEY_UISupportedInterfaceOrientations = "UIInterfaceOrientationPortrait UIInterfaceOrientationPortraitUpsideDown";
				INFOPLIST_KEY_WKCompanionAppBundleIdentifier = "";
				INFOPLIST_KEY_WKRunsIndependentlyOfCompanionApp = YES;
				LD_RUNPATH_SEARCH_PATHS = (
					"$(inherited)",
					"@executable_path/Frameworks",
				);
				MARKETING_VERSION = 1.0;
				PRODUCT_BUNDLE_IDENTIFIER = .watchkitapp;
				PRODUCT_NAME = "$(TARGET_NAME)";
				SDKROOT = watchos;
				SKIP_INSTALL = YES;
				SWIFT_EMIT_LOC_STRINGS = YES;
				SWIFT_VERSION = 5.0;
				TARGETED_DEVICE_FAMILY = 4;
				WATCHOS_DEPLOYMENT_TARGET = 10.2;
			};
			name = Release;
		};
		94BC518D2B6A8ECD0079097F /* Debug */ = {
			isa = XCBuildConfiguration;
			buildSettings = {
				ALWAYS_EMBED_SWIFT_STANDARD_LIBRARIES = YES;
				BUNDLE_LOADER = "$(TEST_HOST)";
				CODE_SIGN_STYLE = Automatic;
				CURRENT_PROJECT_VERSION = 1;
				DEVELOPMENT_TEAM = M98VV39KL9;
				GENERATE_INFOPLIST_FILE = YES;
				MARKETING_VERSION = 1.0;
				PRODUCT_BUNDLE_IDENTIFIER = "dev.marcossevilla.WatchLandmarks-Watch-AppTests";
				PRODUCT_NAME = "$(TARGET_NAME)";
				SDKROOT = watchos;
				SWIFT_EMIT_LOC_STRINGS = NO;
				SWIFT_VERSION = 5.0;
				TARGETED_DEVICE_FAMILY = 4;
				TEST_HOST = "$(BUILT_PRODUCTS_DIR)/WatchLandmarks Watch App.app/$(BUNDLE_EXECUTABLE_FOLDER_PATH)/WatchLandmarks Watch App";
				WATCHOS_DEPLOYMENT_TARGET = 10.2;
			};
			name = Debug;
		};
		94BC518E2B6A8ECD0079097F /* Release */ = {
			isa = XCBuildConfiguration;
			buildSettings = {
				ALWAYS_EMBED_SWIFT_STANDARD_LIBRARIES = YES;
				BUNDLE_LOADER = "$(TEST_HOST)";
				CODE_SIGN_STYLE = Automatic;
				CURRENT_PROJECT_VERSION = 1;
				DEVELOPMENT_TEAM = M98VV39KL9;
				GENERATE_INFOPLIST_FILE = YES;
				MARKETING_VERSION = 1.0;
				PRODUCT_BUNDLE_IDENTIFIER = "dev.marcossevilla.WatchLandmarks-Watch-AppTests";
				PRODUCT_NAME = "$(TARGET_NAME)";
				SDKROOT = watchos;
				SWIFT_EMIT_LOC_STRINGS = NO;
				SWIFT_VERSION = 5.0;
				TARGETED_DEVICE_FAMILY = 4;
				TEST_HOST = "$(BUILT_PRODUCTS_DIR)/WatchLandmarks Watch App.app/$(BUNDLE_EXECUTABLE_FOLDER_PATH)/WatchLandmarks Watch App";
				WATCHOS_DEPLOYMENT_TARGET = 10.2;
			};
			name = Release;
		};
		94BC518F2B6A8ECD0079097F /* Debug */ = {
			isa = XCBuildConfiguration;
			buildSettings = {
				ALWAYS_EMBED_SWIFT_STANDARD_LIBRARIES = YES;
				CODE_SIGN_STYLE = Automatic;
				CURRENT_PROJECT_VERSION = 1;
				DEVELOPMENT_TEAM = M98VV39KL9;
				GENERATE_INFOPLIST_FILE = YES;
				MARKETING_VERSION = 1.0;
				PRODUCT_BUNDLE_IDENTIFIER = "dev.marcossevilla.WatchLandmarks-Watch-AppUITests";
				PRODUCT_NAME = "$(TARGET_NAME)";
				SDKROOT = watchos;
				SWIFT_EMIT_LOC_STRINGS = NO;
				SWIFT_VERSION = 5.0;
				TARGETED_DEVICE_FAMILY = 4;
				TEST_TARGET_NAME = "WatchLandmarks Watch App";
				WATCHOS_DEPLOYMENT_TARGET = 10.2;
			};
			name = Debug;
		};
		94BC51902B6A8ECD0079097F /* Release */ = {
			isa = XCBuildConfiguration;
			buildSettings = {
				ALWAYS_EMBED_SWIFT_STANDARD_LIBRARIES = YES;
				CODE_SIGN_STYLE = Automatic;
				CURRENT_PROJECT_VERSION = 1;
				DEVELOPMENT_TEAM = M98VV39KL9;
				GENERATE_INFOPLIST_FILE = YES;
				MARKETING_VERSION = 1.0;
				PRODUCT_BUNDLE_IDENTIFIER = "dev.marcossevilla.WatchLandmarks-Watch-AppUITests";
				PRODUCT_NAME = "$(TARGET_NAME)";
				SDKROOT = watchos;
				SWIFT_EMIT_LOC_STRINGS = NO;
				SWIFT_VERSION = 5.0;
				TARGETED_DEVICE_FAMILY = 4;
				TEST_TARGET_NAME = "WatchLandmarks Watch App";
				WATCHOS_DEPLOYMENT_TARGET = 10.2;
			};
			name = Release;
		};
		94E4CB962B6BE13B00C931A2 /* Debug */ = {
			isa = XCBuildConfiguration;
			buildSettings = {
				ASSETCATALOG_COMPILER_APPICON_NAME = AppIcon;
				ASSETCATALOG_COMPILER_GLOBAL_ACCENT_COLOR_NAME = AccentColor;
				CODE_SIGN_ENTITLEMENTS = MacLandmarks/MacLandmarks.entitlements;
				CODE_SIGN_STYLE = Automatic;
				COMBINE_HIDPI_IMAGES = YES;
				CURRENT_PROJECT_VERSION = 1;
				DEVELOPMENT_ASSET_PATHS = "\"MacLandmarks/Preview Content\"";
				DEVELOPMENT_TEAM = M98VV39KL9;
				ENABLE_HARDENED_RUNTIME = YES;
				ENABLE_PREVIEWS = YES;
				GENERATE_INFOPLIST_FILE = YES;
				INFOPLIST_KEY_NSHumanReadableCopyright = "";
				LD_RUNPATH_SEARCH_PATHS = (
					"$(inherited)",
					"@executable_path/../Frameworks",
				);
				MACOSX_DEPLOYMENT_TARGET = 14.2;
				MARKETING_VERSION = 1.0;
				PRODUCT_BUNDLE_IDENTIFIER = dev.marcossevilla.MacLandmarks;
				PRODUCT_NAME = "$(TARGET_NAME)";
				SDKROOT = macosx;
				SWIFT_EMIT_LOC_STRINGS = YES;
				SWIFT_VERSION = 5.0;
			};
			name = Debug;
		};
		94E4CB972B6BE13B00C931A2 /* Release */ = {
			isa = XCBuildConfiguration;
			buildSettings = {
				ASSETCATALOG_COMPILER_APPICON_NAME = AppIcon;
				ASSETCATALOG_COMPILER_GLOBAL_ACCENT_COLOR_NAME = AccentColor;
				CODE_SIGN_ENTITLEMENTS = MacLandmarks/MacLandmarks.entitlements;
				CODE_SIGN_STYLE = Automatic;
				COMBINE_HIDPI_IMAGES = YES;
				CURRENT_PROJECT_VERSION = 1;
				DEVELOPMENT_ASSET_PATHS = "\"MacLandmarks/Preview Content\"";
				DEVELOPMENT_TEAM = M98VV39KL9;
				ENABLE_HARDENED_RUNTIME = YES;
				ENABLE_PREVIEWS = YES;
				GENERATE_INFOPLIST_FILE = YES;
				INFOPLIST_KEY_NSHumanReadableCopyright = "";
				LD_RUNPATH_SEARCH_PATHS = (
					"$(inherited)",
					"@executable_path/../Frameworks",
				);
				MACOSX_DEPLOYMENT_TARGET = 14.2;
				MARKETING_VERSION = 1.0;
				PRODUCT_BUNDLE_IDENTIFIER = dev.marcossevilla.MacLandmarks;
				PRODUCT_NAME = "$(TARGET_NAME)";
				SDKROOT = macosx;
				SWIFT_EMIT_LOC_STRINGS = YES;
				SWIFT_VERSION = 5.0;
			};
			name = Release;
		};
		94E4CB982B6BE13B00C931A2 /* Debug */ = {
			isa = XCBuildConfiguration;
			buildSettings = {
				ALWAYS_EMBED_SWIFT_STANDARD_LIBRARIES = YES;
				BUNDLE_LOADER = "$(TEST_HOST)";
				CODE_SIGN_STYLE = Automatic;
				CURRENT_PROJECT_VERSION = 1;
				DEVELOPMENT_TEAM = M98VV39KL9;
				GENERATE_INFOPLIST_FILE = YES;
				MACOSX_DEPLOYMENT_TARGET = 14.2;
				MARKETING_VERSION = 1.0;
				PRODUCT_BUNDLE_IDENTIFIER = dev.marcossevilla.MacLandmarksTests;
				PRODUCT_NAME = "$(TARGET_NAME)";
				SDKROOT = macosx;
				SWIFT_EMIT_LOC_STRINGS = NO;
				SWIFT_VERSION = 5.0;
				TEST_HOST = "$(BUILT_PRODUCTS_DIR)/MacLandmarks.app/$(BUNDLE_EXECUTABLE_FOLDER_PATH)/MacLandmarks";
			};
			name = Debug;
		};
		94E4CB992B6BE13B00C931A2 /* Release */ = {
			isa = XCBuildConfiguration;
			buildSettings = {
				ALWAYS_EMBED_SWIFT_STANDARD_LIBRARIES = YES;
				BUNDLE_LOADER = "$(TEST_HOST)";
				CODE_SIGN_STYLE = Automatic;
				CURRENT_PROJECT_VERSION = 1;
				DEVELOPMENT_TEAM = M98VV39KL9;
				GENERATE_INFOPLIST_FILE = YES;
				MACOSX_DEPLOYMENT_TARGET = 14.2;
				MARKETING_VERSION = 1.0;
				PRODUCT_BUNDLE_IDENTIFIER = dev.marcossevilla.MacLandmarksTests;
				PRODUCT_NAME = "$(TARGET_NAME)";
				SDKROOT = macosx;
				SWIFT_EMIT_LOC_STRINGS = NO;
				SWIFT_VERSION = 5.0;
				TEST_HOST = "$(BUILT_PRODUCTS_DIR)/MacLandmarks.app/$(BUNDLE_EXECUTABLE_FOLDER_PATH)/MacLandmarks";
			};
			name = Release;
		};
		94E4CB9A2B6BE13B00C931A2 /* Debug */ = {
			isa = XCBuildConfiguration;
			buildSettings = {
				ALWAYS_EMBED_SWIFT_STANDARD_LIBRARIES = YES;
				CODE_SIGN_STYLE = Automatic;
				CURRENT_PROJECT_VERSION = 1;
				DEVELOPMENT_TEAM = M98VV39KL9;
				GENERATE_INFOPLIST_FILE = YES;
				MACOSX_DEPLOYMENT_TARGET = 14.2;
				MARKETING_VERSION = 1.0;
				PRODUCT_BUNDLE_IDENTIFIER = dev.marcossevilla.MacLandmarksUITests;
				PRODUCT_NAME = "$(TARGET_NAME)";
				SDKROOT = macosx;
				SWIFT_EMIT_LOC_STRINGS = NO;
				SWIFT_VERSION = 5.0;
				TEST_TARGET_NAME = MacLandmarks;
			};
			name = Debug;
		};
		94E4CB9B2B6BE13B00C931A2 /* Release */ = {
			isa = XCBuildConfiguration;
			buildSettings = {
				ALWAYS_EMBED_SWIFT_STANDARD_LIBRARIES = YES;
				CODE_SIGN_STYLE = Automatic;
				CURRENT_PROJECT_VERSION = 1;
				DEVELOPMENT_TEAM = M98VV39KL9;
				GENERATE_INFOPLIST_FILE = YES;
				MACOSX_DEPLOYMENT_TARGET = 14.2;
				MARKETING_VERSION = 1.0;
				PRODUCT_BUNDLE_IDENTIFIER = dev.marcossevilla.MacLandmarksUITests;
				PRODUCT_NAME = "$(TARGET_NAME)";
				SDKROOT = macosx;
				SWIFT_EMIT_LOC_STRINGS = NO;
				SWIFT_VERSION = 5.0;
				TEST_TARGET_NAME = MacLandmarks;
			};
			name = Release;
		};
/* End XCBuildConfiguration section */

/* Begin XCConfigurationList section */
		94AAB86E2B612BA3008BB3B3 /* Build configuration list for PBXProject "landmarks" */ = {
			isa = XCConfigurationList;
			buildConfigurations = (
				94AAB8952B612BA4008BB3B3 /* Debug */,
				94AAB8962B612BA4008BB3B3 /* Release */,
			);
			defaultConfigurationIsVisible = 0;
			defaultConfigurationName = Release;
		};
		94AAB8972B612BA4008BB3B3 /* Build configuration list for PBXNativeTarget "landmarks" */ = {
			isa = XCConfigurationList;
			buildConfigurations = (
				94AAB8982B612BA4008BB3B3 /* Debug */,
				94AAB8992B612BA4008BB3B3 /* Release */,
			);
			defaultConfigurationIsVisible = 0;
			defaultConfigurationName = Release;
		};
		94AAB89A2B612BA4008BB3B3 /* Build configuration list for PBXNativeTarget "landmarksTests" */ = {
			isa = XCConfigurationList;
			buildConfigurations = (
				94AAB89B2B612BA4008BB3B3 /* Debug */,
				94AAB89C2B612BA4008BB3B3 /* Release */,
			);
			defaultConfigurationIsVisible = 0;
			defaultConfigurationName = Release;
		};
		94AAB89D2B612BA4008BB3B3 /* Build configuration list for PBXNativeTarget "landmarksUITests" */ = {
			isa = XCConfigurationList;
			buildConfigurations = (
				94AAB89E2B612BA4008BB3B3 /* Debug */,
				94AAB89F2B612BA4008BB3B3 /* Release */,
			);
			defaultConfigurationIsVisible = 0;
			defaultConfigurationName = Release;
		};
		94BC51912B6A8ECD0079097F /* Build configuration list for PBXNativeTarget "WatchLandmarks Watch App" */ = {
			isa = XCConfigurationList;
			buildConfigurations = (
				94BC518B2B6A8ECD0079097F /* Debug */,
				94BC518C2B6A8ECD0079097F /* Release */,
			);
			defaultConfigurationIsVisible = 0;
			defaultConfigurationName = Release;
		};
		94BC51922B6A8ECD0079097F /* Build configuration list for PBXNativeTarget "WatchLandmarks Watch AppTests" */ = {
			isa = XCConfigurationList;
			buildConfigurations = (
				94BC518D2B6A8ECD0079097F /* Debug */,
				94BC518E2B6A8ECD0079097F /* Release */,
			);
			defaultConfigurationIsVisible = 0;
			defaultConfigurationName = Release;
		};
		94BC51932B6A8ECD0079097F /* Build configuration list for PBXNativeTarget "WatchLandmarks Watch AppUITests" */ = {
			isa = XCConfigurationList;
			buildConfigurations = (
				94BC518F2B6A8ECD0079097F /* Debug */,
				94BC51902B6A8ECD0079097F /* Release */,
			);
			defaultConfigurationIsVisible = 0;
			defaultConfigurationName = Release;
		};
		94E4CB9C2B6BE13B00C931A2 /* Build configuration list for PBXNativeTarget "MacLandmarks" */ = {
			isa = XCConfigurationList;
			buildConfigurations = (
				94E4CB962B6BE13B00C931A2 /* Debug */,
				94E4CB972B6BE13B00C931A2 /* Release */,
			);
			defaultConfigurationIsVisible = 0;
			defaultConfigurationName = Release;
		};
		94E4CB9D2B6BE13B00C931A2 /* Build configuration list for PBXNativeTarget "MacLandmarksTests" */ = {
			isa = XCConfigurationList;
			buildConfigurations = (
				94E4CB982B6BE13B00C931A2 /* Debug */,
				94E4CB992B6BE13B00C931A2 /* Release */,
			);
			defaultConfigurationIsVisible = 0;
			defaultConfigurationName = Release;
		};
		94E4CB9E2B6BE13B00C931A2 /* Build configuration list for PBXNativeTarget "MacLandmarksUITests" */ = {
			isa = XCConfigurationList;
			buildConfigurations = (
				94E4CB9A2B6BE13B00C931A2 /* Debug */,
				94E4CB9B2B6BE13B00C931A2 /* Release */,
			);
			defaultConfigurationIsVisible = 0;
			defaultConfigurationName = Release;
		};
/* End XCConfigurationList section */
	};
	rootObject = 94AAB86B2B612BA3008BB3B3 /* Project object */;
}
